{
  "version": 4,
  "terraform_version": "1.5.7",
  "serial": 900,
  "lineage": "8149c8fb-cbd8-cab2-f6e4-9562883e3210",
  "outputs": {
    "cluster_arn": {
      "value": "arn:aws:ecs:us-east-1:654654502416:cluster/ex-fargate",
      "type": "string"
    },
    "cluster_autoscaling_capacity_providers": {
      "value": {},
      "type": [
        "object",
        {}
      ]
    },
    "cluster_capacity_providers": {
      "value": {
        "ex-fargate": {
          "capacity_providers": [
            "FARGATE",
            "FARGATE_SPOT"
          ],
          "cluster_name": "ex-fargate",
          "default_capacity_provider_strategy": [
            {
              "base": 0,
              "capacity_provider": "FARGATE_SPOT",
              "weight": 50
            },
            {
              "base": 20,
              "capacity_provider": "FARGATE",
              "weight": 50
            }
          ],
          "id": "ex-fargate"
        }
      },
      "type": [
        "object",
        {
          "ex-fargate": [
            "object",
            {
              "capacity_providers": [
                "set",
                "string"
              ],
              "cluster_name": "string",
              "default_capacity_provider_strategy": [
                "set",
                [
                  "object",
                  {
                    "base": "number",
                    "capacity_provider": "string",
                    "weight": "number"
                  }
                ]
              ],
              "id": "string"
            }
          ]
        }
      ]
    },
    "cluster_id": {
      "value": "arn:aws:ecs:us-east-1:654654502416:cluster/ex-fargate",
      "type": "string"
    },
    "cluster_name": {
      "value": "ex-fargate",
      "type": "string"
    },
    "service_autoscaling_policies": {
      "value": {
        "cpu": {
          "alarm_arns": [
            "arn:aws:cloudwatch:us-east-1:654654502416:alarm:TargetTracking-service/ex-fargate/ex-fargate-AlarmHigh-ef329736-e45b-4f28-a60b-df9f6dfe5c0c",
            "arn:aws:cloudwatch:us-east-1:654654502416:alarm:TargetTracking-service/ex-fargate/ex-fargate-AlarmLow-5abd2ac9-a0ae-4676-a1fe-ab8e86e63a21"
          ],
          "arn": "arn:aws:autoscaling:us-east-1:654654502416:scalingPolicy:8aaa180f-bbba-44a8-b81f-b5cbc31a41cf:resource/ecs/service/ex-fargate/ex-fargate:policyName/cpu",
          "id": "cpu",
          "name": "cpu",
          "policy_type": "TargetTrackingScaling",
          "resource_id": "service/ex-fargate/ex-fargate",
          "scalable_dimension": "ecs:service:DesiredCount",
          "service_namespace": "ecs",
          "step_scaling_policy_configuration": [],
          "target_tracking_scaling_policy_configuration": [
            {
              "customized_metric_specification": [],
              "disable_scale_in": false,
              "predefined_metric_specification": [
                {
                  "predefined_metric_type": "ECSServiceAverageCPUUtilization",
                  "resource_label": ""
                }
              ],
              "scale_in_cooldown": 300,
              "scale_out_cooldown": 60,
              "target_value": 75
            }
          ]
        },
        "memory": {
          "alarm_arns": [
            "arn:aws:cloudwatch:us-east-1:654654502416:alarm:TargetTracking-service/ex-fargate/ex-fargate-AlarmHigh-12dc31ad-2604-492d-9a73-83e388090669",
            "arn:aws:cloudwatch:us-east-1:654654502416:alarm:TargetTracking-service/ex-fargate/ex-fargate-AlarmLow-cfc20399-722b-49e3-a69c-fecd6fdec30b"
          ],
          "arn": "arn:aws:autoscaling:us-east-1:654654502416:scalingPolicy:8aaa180f-bbba-44a8-b81f-b5cbc31a41cf:resource/ecs/service/ex-fargate/ex-fargate:policyName/memory",
          "id": "memory",
          "name": "memory",
          "policy_type": "TargetTrackingScaling",
          "resource_id": "service/ex-fargate/ex-fargate",
          "scalable_dimension": "ecs:service:DesiredCount",
          "service_namespace": "ecs",
          "step_scaling_policy_configuration": [],
          "target_tracking_scaling_policy_configuration": [
            {
              "customized_metric_specification": [],
              "disable_scale_in": false,
              "predefined_metric_specification": [
                {
                  "predefined_metric_type": "ECSServiceAverageMemoryUtilization",
                  "resource_label": ""
                }
              ],
              "scale_in_cooldown": 300,
              "scale_out_cooldown": 60,
              "target_value": 75
            }
          ]
        }
      },
      "type": [
        "object",
        {
          "cpu": [
            "object",
            {
              "alarm_arns": [
                "list",
                "string"
              ],
              "arn": "string",
              "id": "string",
              "name": "string",
              "policy_type": "string",
              "resource_id": "string",
              "scalable_dimension": "string",
              "service_namespace": "string",
              "step_scaling_policy_configuration": [
                "list",
                [
                  "object",
                  {
                    "adjustment_type": "string",
                    "cooldown": "number",
                    "metric_aggregation_type": "string",
                    "min_adjustment_magnitude": "number",
                    "step_adjustment": [
                      "set",
                      [
                        "object",
                        {
                          "metric_interval_lower_bound": "string",
                          "metric_interval_upper_bound": "string",
                          "scaling_adjustment": "number"
                        }
                      ]
                    ]
                  }
                ]
              ],
              "target_tracking_scaling_policy_configuration": [
                "list",
                [
                  "object",
                  {
                    "customized_metric_specification": [
                      "list",
                      [
                        "object",
                        {
                          "dimensions": [
                            "set",
                            [
                              "object",
                              {
                                "name": "string",
                                "value": "string"
                              }
                            ]
                          ],
                          "metric_name": "string",
                          "metrics": [
                            "set",
                            [
                              "object",
                              {
                                "expression": "string",
                                "id": "string",
                                "label": "string",
                                "metric_stat": [
                                  "list",
                                  [
                                    "object",
                                    {
                                      "metric": [
                                        "list",
                                        [
                                          "object",
                                          {
                                            "dimensions": [
                                              "set",
                                              [
                                                "object",
                                                {
                                                  "name": "string",
                                                  "value": "string"
                                                }
                                              ]
                                            ],
                                            "metric_name": "string",
                                            "namespace": "string"
                                          }
                                        ]
                                      ],
                                      "stat": "string",
                                      "unit": "string"
                                    }
                                  ]
                                ],
                                "return_data": "bool"
                              }
                            ]
                          ],
                          "namespace": "string",
                          "statistic": "string",
                          "unit": "string"
                        }
                      ]
                    ],
                    "disable_scale_in": "bool",
                    "predefined_metric_specification": [
                      "list",
                      [
                        "object",
                        {
                          "predefined_metric_type": "string",
                          "resource_label": "string"
                        }
                      ]
                    ],
                    "scale_in_cooldown": "number",
                    "scale_out_cooldown": "number",
                    "target_value": "number"
                  }
                ]
              ]
            }
          ],
          "memory": [
            "object",
            {
              "alarm_arns": [
                "list",
                "string"
              ],
              "arn": "string",
              "id": "string",
              "name": "string",
              "policy_type": "string",
              "resource_id": "string",
              "scalable_dimension": "string",
              "service_namespace": "string",
              "step_scaling_policy_configuration": [
                "list",
                [
                  "object",
                  {
                    "adjustment_type": "string",
                    "cooldown": "number",
                    "metric_aggregation_type": "string",
                    "min_adjustment_magnitude": "number",
                    "step_adjustment": [
                      "set",
                      [
                        "object",
                        {
                          "metric_interval_lower_bound": "string",
                          "metric_interval_upper_bound": "string",
                          "scaling_adjustment": "number"
                        }
                      ]
                    ]
                  }
                ]
              ],
              "target_tracking_scaling_policy_configuration": [
                "list",
                [
                  "object",
                  {
                    "customized_metric_specification": [
                      "list",
                      [
                        "object",
                        {
                          "dimensions": [
                            "set",
                            [
                              "object",
                              {
                                "name": "string",
                                "value": "string"
                              }
                            ]
                          ],
                          "metric_name": "string",
                          "metrics": [
                            "set",
                            [
                              "object",
                              {
                                "expression": "string",
                                "id": "string",
                                "label": "string",
                                "metric_stat": [
                                  "list",
                                  [
                                    "object",
                                    {
                                      "metric": [
                                        "list",
                                        [
                                          "object",
                                          {
                                            "dimensions": [
                                              "set",
                                              [
                                                "object",
                                                {
                                                  "name": "string",
                                                  "value": "string"
                                                }
                                              ]
                                            ],
                                            "metric_name": "string",
                                            "namespace": "string"
                                          }
                                        ]
                                      ],
                                      "stat": "string",
                                      "unit": "string"
                                    }
                                  ]
                                ],
                                "return_data": "bool"
                              }
                            ]
                          ],
                          "namespace": "string",
                          "statistic": "string",
                          "unit": "string"
                        }
                      ]
                    ],
                    "disable_scale_in": "bool",
                    "predefined_metric_specification": [
                      "list",
                      [
                        "object",
                        {
                          "predefined_metric_type": "string",
                          "resource_label": "string"
                        }
                      ]
                    ],
                    "scale_in_cooldown": "number",
                    "scale_out_cooldown": "number",
                    "target_value": "number"
                  }
                ]
              ]
            }
          ]
        }
      ]
    },
    "service_autoscaling_scheduled_actions": {
      "value": {},
      "type": [
        "object",
        {}
      ]
    },
    "service_container_definitions": {
      "value": {
        "ecsdemo-frontend": {
          "cloudwatch_log_group_arn": null,
          "cloudwatch_log_group_name": null,
          "container_definition": {
            "cpu": 512,
            "dependsOn": [
              {
                "condition": "START",
                "containerName": "fluent-bit"
              }
            ],
            "environment": [],
            "essential": true,
            "image": "public.ecr.aws/aws-containers/ecsdemo-frontend:776fd50",
            "interactive": false,
            "linuxParameters": {
              "capabilities": {
                "add": [],
                "drop": [
                  "NET_RAW"
                ]
              },
              "initProcessEnabled": true
            },
            "logConfiguration": {
              "logDriver": "awsfirelens",
              "options": {
                "Name": "firehose",
                "delivery_stream": "my-stream",
                "log-driver-buffer-limit": "2097152",
                "region": "us-east-1"
              }
            },
            "memory": 512,
            "memoryReservation": 100,
            "mountPoints": [],
            "name": "ecsdemo-frontend",
            "portMappings": [
              {
                "containerPort": 3000,
                "hostPort": 3000,
                "name": "ecsdemo-frontend",
                "protocol": "tcp"
              }
            ],
            "privileged": false,
            "pseudoTerminal": false,
            "readonlyRootFilesystem": false,
            "startTimeout": 30,
            "stopTimeout": 120,
            "systemControls": [],
            "user": "0",
            "volumesFrom": [
              {
                "readOnly": false,
                "sourceContainer": "fluent-bit"
              }
            ]
          }
        },
        "fluent-bit": {
          "cloudwatch_log_group_arn": "arn:aws:logs:us-east-1:654654502416:log-group:/aws/ecs/ex-fargate/fluent-bit",
          "cloudwatch_log_group_name": "/aws/ecs/ex-fargate/fluent-bit",
          "container_definition": {
            "cpu": 512,
            "environment": [],
            "essential": true,
            "firelensConfiguration": {
              "type": "fluentbit"
            },
            "image": "906394416424.dkr.ecr.us-east-1.amazonaws.com/aws-for-fluent-bit:2.32.2.20240820",
            "interactive": false,
            "linuxParameters": {
              "initProcessEnabled": true
            },
            "logConfiguration": {
              "logDriver": "awslogs",
              "options": {
                "awslogs-group": "/aws/ecs/ex-fargate/fluent-bit",
                "awslogs-region": "us-east-1",
                "awslogs-stream-prefix": "ecs"
              }
            },
            "memory": 512,
            "memoryReservation": 50,
            "mountPoints": [],
            "name": "fluent-bit",
            "portMappings": [],
            "privileged": false,
            "pseudoTerminal": false,
            "readonlyRootFilesystem": true,
            "startTimeout": 30,
            "stopTimeout": 120,
            "systemControls": [],
            "user": "0",
            "volumesFrom": []
          }
        }
      },
      "type": [
        "object",
        {
          "ecsdemo-frontend": [
            "object",
            {
              "cloudwatch_log_group_arn": "dynamic",
              "cloudwatch_log_group_name": "dynamic",
              "container_definition": [
                "object",
                {
                  "cpu": "number",
                  "dependsOn": [
                    "list",
                    [
                      "object",
                      {
                        "condition": "string",
                        "containerName": "string"
                      }
                    ]
                  ],
                  "environment": [
                    "list",
                    [
                      "object",
                      {
                        "name": "string",
                        "value": "string"
                      }
                    ]
                  ],
                  "essential": "bool",
                  "image": "string",
                  "interactive": "bool",
                  "linuxParameters": [
                    "object",
                    {
                      "capabilities": [
                        "object",
                        {
                          "add": [
                            "tuple",
                            []
                          ],
                          "drop": [
                            "tuple",
                            [
                              "string"
                            ]
                          ]
                        }
                      ],
                      "initProcessEnabled": "bool"
                    }
                  ],
                  "logConfiguration": [
                    "object",
                    {
                      "logDriver": "string",
                      "options": [
                        "object",
                        {
                          "Name": "string",
                          "delivery_stream": "string",
                          "log-driver-buffer-limit": "string",
                          "region": "string"
                        }
                      ]
                    }
                  ],
                  "memory": "number",
                  "memoryReservation": "number",
                  "mountPoints": [
                    "list",
                    "dynamic"
                  ],
                  "name": "string",
                  "portMappings": [
                    "list",
                    [
                      "object",
                      {
                        "containerPort": "number",
                        "hostPort": "number",
                        "name": "string",
                        "protocol": "string"
                      }
                    ]
                  ],
                  "privileged": "bool",
                  "pseudoTerminal": "bool",
                  "readonlyRootFilesystem": "bool",
                  "startTimeout": "number",
                  "stopTimeout": "number",
                  "systemControls": [
                    "list",
                    [
                      "map",
                      "string"
                    ]
                  ],
                  "user": "string",
                  "volumesFrom": [
                    "list",
                    [
                      "object",
                      {
                        "readOnly": "bool",
                        "sourceContainer": "string"
                      }
                    ]
                  ]
                }
              ]
            }
          ],
          "fluent-bit": [
            "object",
            {
              "cloudwatch_log_group_arn": "string",
              "cloudwatch_log_group_name": "string",
              "container_definition": [
                "object",
                {
                  "cpu": "number",
                  "environment": [
                    "list",
                    [
                      "object",
                      {
                        "name": "string",
                        "value": "string"
                      }
                    ]
                  ],
                  "essential": "bool",
                  "firelensConfiguration": [
                    "object",
                    {
                      "type": "string"
                    }
                  ],
                  "image": "string",
                  "interactive": "bool",
                  "linuxParameters": [
                    "object",
                    {
                      "initProcessEnabled": "bool"
                    }
                  ],
                  "logConfiguration": [
                    "object",
                    {
                      "logDriver": "string",
                      "options": [
                        "object",
                        {
                          "awslogs-group": "string",
                          "awslogs-region": "string",
                          "awslogs-stream-prefix": "string"
                        }
                      ]
                    }
                  ],
                  "memory": "number",
                  "memoryReservation": "number",
                  "mountPoints": [
                    "list",
                    "dynamic"
                  ],
                  "name": "string",
                  "portMappings": [
                    "list",
                    "dynamic"
                  ],
                  "privileged": "bool",
                  "pseudoTerminal": "bool",
                  "readonlyRootFilesystem": "bool",
                  "startTimeout": "number",
                  "stopTimeout": "number",
                  "systemControls": [
                    "list",
                    [
                      "map",
                      "string"
                    ]
                  ],
                  "user": "string",
                  "volumesFrom": [
                    "list",
                    "dynamic"
                  ]
                }
              ]
            }
          ]
        }
      ]
    },
    "service_id": {
      "value": "arn:aws:ecs:us-east-1:654654502416:service/ex-fargate/ex-fargate",
      "type": "string"
    },
    "service_name": {
      "value": "ex-fargate",
      "type": "string"
    },
    "service_security_group_arn": {
      "value": "arn:aws:ec2:us-east-1:654654502416:security-group/sg-0bda446d39e588f0b",
      "type": "string"
    },
    "service_security_group_id": {
      "value": "sg-0bda446d39e588f0b",
      "type": "string"
    },
    "service_task_definition_arn": {
      "value": "arn:aws:ecs:us-east-1:654654502416:task-definition/ex-fargate:8",
      "type": "string"
    },
    "service_task_definition_family": {
      "value": "ex-fargate",
      "type": "string"
    },
    "service_task_definition_family_revision": {
      "value": "ex-fargate:8",
      "type": "string"
    },
    "service_task_definition_revision": {
      "value": 8,
      "type": "number"
    },
    "service_task_exec_iam_role_arn": {
      "value": "arn:aws:iam::654654502416:role/ex-fargate-20240903202326608300000003",
      "type": "string"
    },
    "service_task_exec_iam_role_name": {
      "value": "ex-fargate-20240903202326608300000003",
      "type": "string"
    },
    "service_task_exec_iam_role_unique_id": {
      "value": "AROAZQ3DS6YIMXJ5MIKIQ",
      "type": "string"
    },
    "service_tasks_iam_role_arn": {
      "value": "arn:aws:iam::654654502416:role/ex-fargate-20240903202326619700000006",
      "type": "string"
    },
    "service_tasks_iam_role_name": {
      "value": "ex-fargate-20240903202326619700000006",
      "type": "string"
    },
    "service_tasks_iam_role_unique_id": {
      "value": "AROAZQ3DS6YIJUVSDZWPU",
      "type": "string"
    },
    "task_definition_run_task_command": {
      "value": "    aws ecs run-task --cluster ex-fargate \\\n      --task-definition ex-fargate-standalone:7 \\\n      --network-configuration \"awsvpcConfiguration={subnets=[subnet-0282d7a0e3937a655,subnet-038919cc4d6c31614],securityGroups=[sg-03c6ba259a36af401]}\" \\\n      --region us-east-1\n",
      "type": "string"
    }
  },
  "resources": [
    {
      "mode": "data",
      "type": "aws_availability_zones",
      "name": "available",
      "provider": "provider[\"registry.terraform.io/hashicorp/aws\"]",
      "instances": [
        {
          "schema_version": 0,
          "attributes": {
            "all_availability_zones": null,
            "exclude_names": null,
            "exclude_zone_ids": null,
            "filter": null,
            "group_names": [
              "us-east-1"
            ],
            "id": "us-east-1",
            "names": [
              "us-east-1a",
              "us-east-1b",
              "us-east-1c",
              "us-east-1d",
              "us-east-1e",
              "us-east-1f"
            ],
            "state": null,
            "timeouts": null,
            "zone_ids": [
              "use1-az6",
              "use1-az1",
              "use1-az2",
              "use1-az4",
              "use1-az3",
              "use1-az5"
            ]
          },
          "sensitive_attributes": []
        }
      ]
    },
    {
      "mode": "data",
      "type": "aws_ssm_parameter",
      "name": "fluentbit",
      "provider": "provider[\"registry.terraform.io/hashicorp/aws\"]",
      "instances": [
        {
          "schema_version": 0,
          "attributes": {
            "arn": "arn:aws:ssm:us-east-1::parameter/aws/service/aws-for-fluent-bit/stable",
            "id": "/aws/service/aws-for-fluent-bit/stable",
            "insecure_value": "906394416424.dkr.ecr.us-east-1.amazonaws.com/aws-for-fluent-bit:2.32.2.20240820",
            "name": "/aws/service/aws-for-fluent-bit/stable",
            "type": "String",
            "value": "906394416424.dkr.ecr.us-east-1.amazonaws.com/aws-for-fluent-bit:2.32.2.20240820",
            "version": 25,
            "with_decryption": true
          },
          "sensitive_attributes": []
        }
      ]
    },
    {
      "mode": "managed",
      "type": "aws_service_discovery_http_namespace",
      "name": "this",
      "provider": "provider[\"registry.terraform.io/hashicorp/aws\"]",
      "instances": [
        {
          "schema_version": 0,
          "attributes": {
            "arn": "arn:aws:servicediscovery:us-east-1:654654502416:namespace/ns-4eds2eihaxjy6eac",
            "description": "CloudMap namespace for ex-fargate",
            "http_name": "ex-fargate",
            "id": "ns-4eds2eihaxjy6eac",
            "name": "ex-fargate",
            "tags": {
              "Example": "ex-fargate",
              "Name": "ex-fargate",
              "Repository": "https://github.com/terraform-aws-modules/terraform-aws-ecs"
            },
            "tags_all": {
              "Example": "ex-fargate",
              "Name": "ex-fargate",
              "Repository": "https://github.com/terraform-aws-modules/terraform-aws-ecs"
            }
          },
          "sensitive_attributes": [],
          "private": "bnVsbA=="
        }
      ]
    },
    {
      "module": "module.alb",
      "mode": "data",
      "type": "aws_partition",
      "name": "current",
      "provider": "provider[\"registry.terraform.io/hashicorp/aws\"]",
      "instances": [
        {
          "schema_version": 0,
          "attributes": {
            "dns_suffix": "amazonaws.com",
            "id": "aws",
            "partition": "aws",
            "reverse_dns_prefix": "com.amazonaws"
          },
          "sensitive_attributes": []
        }
      ]
    },
    {
      "module": "module.alb",
      "mode": "managed",
      "type": "aws_lb",
      "name": "this",
      "provider": "provider[\"registry.terraform.io/hashicorp/aws\"]",
      "instances": [
        {
          "index_key": 0,
          "schema_version": 0,
          "attributes": {
            "access_logs": [
              {
                "bucket": "",
                "enabled": false,
                "prefix": ""
              }
            ],
            "arn": "arn:aws:elasticloadbalancing:us-east-1:654654502416:loadbalancer/app/ex-fargate/815b44d3002adbf3",
            "arn_suffix": "app/ex-fargate/815b44d3002adbf3",
            "client_keep_alive": 3600,
            "connection_logs": [
              {
                "bucket": "",
                "enabled": false,
                "prefix": ""
              }
            ],
            "customer_owned_ipv4_pool": "",
            "desync_mitigation_mode": "defensive",
            "dns_name": "ex-fargate-232393198.us-east-1.elb.amazonaws.com",
            "dns_record_client_routing_policy": null,
            "drop_invalid_header_fields": true,
            "enable_cross_zone_load_balancing": true,
            "enable_deletion_protection": false,
            "enable_http2": true,
            "enable_tls_version_and_cipher_suite_headers": false,
            "enable_waf_fail_open": false,
            "enable_xff_client_port": false,
            "enforce_security_group_inbound_rules_on_private_link_traffic": "",
            "id": "arn:aws:elasticloadbalancing:us-east-1:654654502416:loadbalancer/app/ex-fargate/815b44d3002adbf3",
            "idle_timeout": 60,
            "internal": false,
            "ip_address_type": "ipv4",
            "load_balancer_type": "application",
            "name": "ex-fargate",
            "name_prefix": "",
            "preserve_host_header": false,
            "security_groups": [
              "sg-0230dda020db51748"
            ],
            "subnet_mapping": [
              {
                "allocation_id": "",
                "ipv6_address": "",
                "outpost_id": "",
                "private_ipv4_address": "",
                "subnet_id": "subnet-0ceb43e16ad26d674"
              },
              {
                "allocation_id": "",
                "ipv6_address": "",
                "outpost_id": "",
                "private_ipv4_address": "",
                "subnet_id": "subnet-0f7b41d56c8a9aa97"
              }
            ],
            "subnets": [
              "subnet-0ceb43e16ad26d674",
              "subnet-0f7b41d56c8a9aa97"
            ],
            "tags": {
              "Example": "ex-fargate",
              "Name": "ex-fargate",
              "Repository": "https://github.com/terraform-aws-modules/terraform-aws-ecs",
              "terraform-aws-modules": "alb"
            },
            "tags_all": {
              "Example": "ex-fargate",
              "Name": "ex-fargate",
              "Repository": "https://github.com/terraform-aws-modules/terraform-aws-ecs",
              "terraform-aws-modules": "alb"
            },
            "timeouts": {
              "create": null,
              "delete": null,
              "update": null
            },
            "vpc_id": "vpc-0b7f5658d14b4a00d",
            "xff_header_processing_mode": "append",
            "zone_id": "Z35SXDOTRQ7X7K"
          },
          "sensitive_attributes": [],
          "private": "eyJlMmJmYjczMC1lY2FhLTExZTYtOGY4OC0zNDM2M2JjN2M0YzAiOnsiY3JlYXRlIjo2MDAwMDAwMDAwMDAsImRlbGV0ZSI6NjAwMDAwMDAwMDAwLCJ1cGRhdGUiOjYwMDAwMDAwMDAwMH19",
          "dependencies": [
            "data.aws_availability_zones.available",
            "module.alb.aws_security_group.this",
            "module.vpc.aws_subnet.public",
            "module.vpc.aws_vpc.this",
            "module.vpc.aws_vpc_ipv4_cidr_block_association.this"
          ]
        }
      ]
    },
    {
      "module": "module.alb",
      "mode": "managed",
      "type": "aws_lb_listener",
      "name": "this",
      "provider": "provider[\"registry.terraform.io/hashicorp/aws\"]",
      "instances": [
        {
          "index_key": "ex_http",
          "schema_version": 0,
          "attributes": {
            "alpn_policy": null,
            "arn": "arn:aws:elasticloadbalancing:us-east-1:654654502416:listener/app/ex-fargate/815b44d3002adbf3/9fe9ff664dd1c096",
            "certificate_arn": null,
            "default_action": [
              {
                "authenticate_cognito": [],
                "authenticate_oidc": [],
                "fixed_response": [],
                "forward": [],
                "order": 1,
                "redirect": [],
                "target_group_arn": "arn:aws:elasticloadbalancing:us-east-1:654654502416:targetgroup/tf-2024090320234021650000000e/c358e5b512104855",
                "type": "forward"
              }
            ],
            "id": "arn:aws:elasticloadbalancing:us-east-1:654654502416:listener/app/ex-fargate/815b44d3002adbf3/9fe9ff664dd1c096",
            "load_balancer_arn": "arn:aws:elasticloadbalancing:us-east-1:654654502416:loadbalancer/app/ex-fargate/815b44d3002adbf3",
            "mutual_authentication": [],
            "port": 80,
            "protocol": "HTTP",
            "ssl_policy": "",
            "tags": {
              "Example": "ex-fargate",
              "Name": "ex-fargate",
              "Repository": "https://github.com/terraform-aws-modules/terraform-aws-ecs",
              "terraform-aws-modules": "alb"
            },
            "tags_all": {
              "Example": "ex-fargate",
              "Name": "ex-fargate",
              "Repository": "https://github.com/terraform-aws-modules/terraform-aws-ecs",
              "terraform-aws-modules": "alb"
            },
            "timeouts": null
          },
          "sensitive_attributes": [],
          "private": "eyJlMmJmYjczMC1lY2FhLTExZTYtOGY4OC0zNDM2M2JjN2M0YzAiOnsiY3JlYXRlIjozMDAwMDAwMDAwMDAsInVwZGF0ZSI6MzAwMDAwMDAwMDAwfX0=",
          "dependencies": [
            "data.aws_availability_zones.available",
            "module.alb.aws_lb.this",
            "module.alb.aws_lb_target_group.this",
            "module.alb.aws_security_group.this",
            "module.vpc.aws_subnet.public",
            "module.vpc.aws_vpc.this",
            "module.vpc.aws_vpc_ipv4_cidr_block_association.this"
          ]
        }
      ]
    },
    {
      "module": "module.alb",
      "mode": "managed",
      "type": "aws_lb_target_group",
      "name": "this",
      "provider": "provider[\"registry.terraform.io/hashicorp/aws\"]",
      "instances": [
        {
          "index_key": "ex_ecs",
          "schema_version": 0,
          "attributes": {
            "arn": "arn:aws:elasticloadbalancing:us-east-1:654654502416:targetgroup/tf-2024090320234021650000000e/c358e5b512104855",
            "arn_suffix": "targetgroup/tf-2024090320234021650000000e/c358e5b512104855",
            "connection_termination": null,
            "deregistration_delay": "5",
            "health_check": [
              {
                "enabled": true,
                "healthy_threshold": 5,
                "interval": 30,
                "matcher": "200",
                "path": "/",
                "port": "traffic-port",
                "protocol": "HTTP",
                "timeout": 5,
                "unhealthy_threshold": 2
              }
            ],
            "id": "arn:aws:elasticloadbalancing:us-east-1:654654502416:targetgroup/tf-2024090320234021650000000e/c358e5b512104855",
            "ip_address_type": "ipv4",
            "lambda_multi_value_headers_enabled": false,
            "load_balancer_arns": [
              "arn:aws:elasticloadbalancing:us-east-1:654654502416:loadbalancer/app/ex-fargate/815b44d3002adbf3"
            ],
            "load_balancing_algorithm_type": "round_robin",
            "load_balancing_anomaly_mitigation": "off",
            "load_balancing_cross_zone_enabled": "true",
            "name": "tf-2024090320234021650000000e",
            "name_prefix": "tf-",
            "port": 80,
            "preserve_client_ip": null,
            "protocol": "HTTP",
            "protocol_version": "HTTP1",
            "proxy_protocol_v2": false,
            "slow_start": 0,
            "stickiness": [
              {
                "cookie_duration": 86400,
                "cookie_name": "",
                "enabled": false,
                "type": "lb_cookie"
              }
            ],
            "tags": {
              "Example": "ex-fargate",
              "Name": "ex-fargate",
              "Repository": "https://github.com/terraform-aws-modules/terraform-aws-ecs",
              "terraform-aws-modules": "alb"
            },
            "tags_all": {
              "Example": "ex-fargate",
              "Name": "ex-fargate",
              "Repository": "https://github.com/terraform-aws-modules/terraform-aws-ecs",
              "terraform-aws-modules": "alb"
            },
            "target_failover": [
              {
                "on_deregistration": null,
                "on_unhealthy": null
              }
            ],
            "target_group_health": [
              {
                "dns_failover": [
                  {
                    "minimum_healthy_targets_count": "1",
                    "minimum_healthy_targets_percentage": "off"
                  }
                ],
                "unhealthy_state_routing": [
                  {
                    "minimum_healthy_targets_count": 1,
                    "minimum_healthy_targets_percentage": "off"
                  }
                ]
              }
            ],
            "target_health_state": [
              {
                "enable_unhealthy_connection_termination": null,
                "unhealthy_draining_interval": null
              }
            ],
            "target_type": "ip",
            "vpc_id": "vpc-0b7f5658d14b4a00d"
          },
          "sensitive_attributes": [],
          "private": "bnVsbA==",
          "dependencies": [
            "module.vpc.aws_vpc.this"
          ],
          "create_before_destroy": true
        }
      ]
    },
    {
      "module": "module.alb",
      "mode": "managed",
      "type": "aws_security_group",
      "name": "this",
      "provider": "provider[\"registry.terraform.io/hashicorp/aws\"]",
      "instances": [
        {
          "index_key": 0,
          "schema_version": 1,
          "attributes": {
            "arn": "arn:aws:ec2:us-east-1:654654502416:security-group/sg-0230dda020db51748",
            "description": "Security group for ex-fargate application load balancer",
            "egress": [
              {
                "cidr_blocks": [
                  "10.0.0.0/16"
                ],
                "description": "",
                "from_port": 0,
                "ipv6_cidr_blocks": [],
                "prefix_list_ids": [],
                "protocol": "-1",
                "security_groups": [],
                "self": false,
                "to_port": 0
              }
            ],
            "id": "sg-0230dda020db51748",
            "ingress": [
              {
                "cidr_blocks": [
                  "0.0.0.0/0"
                ],
                "description": "",
                "from_port": 80,
                "ipv6_cidr_blocks": [],
                "prefix_list_ids": [],
                "protocol": "tcp",
                "security_groups": [],
                "self": false,
                "to_port": 80
              }
            ],
            "name": "ex-fargate-2024090320234019400000000d",
            "name_prefix": "ex-fargate-",
            "owner_id": "654654502416",
            "revoke_rules_on_delete": false,
            "tags": {
              "Example": "ex-fargate",
              "Name": "ex-fargate",
              "Repository": "https://github.com/terraform-aws-modules/terraform-aws-ecs",
              "terraform-aws-modules": "alb"
            },
            "tags_all": {
              "Example": "ex-fargate",
              "Name": "ex-fargate",
              "Repository": "https://github.com/terraform-aws-modules/terraform-aws-ecs",
              "terraform-aws-modules": "alb"
            },
            "timeouts": null,
            "vpc_id": "vpc-0b7f5658d14b4a00d"
          },
          "sensitive_attributes": [],
          "private": "eyJlMmJmYjczMC1lY2FhLTExZTYtOGY4OC0zNDM2M2JjN2M0YzAiOnsiY3JlYXRlIjo2MDAwMDAwMDAwMDAsImRlbGV0ZSI6OTAwMDAwMDAwMDAwfSwic2NoZW1hX3ZlcnNpb24iOiIxIn0=",
          "dependencies": [
            "module.vpc.aws_vpc.this"
          ],
          "create_before_destroy": true
        }
      ]
    },
    {
      "module": "module.alb",
      "mode": "managed",
      "type": "aws_vpc_security_group_egress_rule",
      "name": "this",
      "provider": "provider[\"registry.terraform.io/hashicorp/aws\"]",
      "instances": [
        {
          "index_key": "all",
          "schema_version": 0,
          "attributes": {
            "arn": "arn:aws:ec2:us-east-1:654654502416:security-group-rule/sgr-07053a1a91c0ff183",
            "cidr_ipv4": "10.0.0.0/16",
            "cidr_ipv6": null,
            "description": null,
            "from_port": null,
            "id": "sgr-07053a1a91c0ff183",
            "ip_protocol": "-1",
            "prefix_list_id": null,
            "referenced_security_group_id": null,
            "security_group_id": "sg-0230dda020db51748",
            "security_group_rule_id": "sgr-07053a1a91c0ff183",
            "tags": {
              "Example": "ex-fargate",
              "Name": "ex-fargate",
              "Repository": "https://github.com/terraform-aws-modules/terraform-aws-ecs",
              "terraform-aws-modules": "alb"
            },
            "tags_all": {
              "Example": "ex-fargate",
              "Name": "ex-fargate",
              "Repository": "https://github.com/terraform-aws-modules/terraform-aws-ecs",
              "terraform-aws-modules": "alb"
            },
            "to_port": null
          },
          "sensitive_attributes": [],
          "dependencies": [
            "module.alb.aws_security_group.this",
            "module.vpc.aws_vpc.this"
          ]
        }
      ]
    },
    {
      "module": "module.alb",
      "mode": "managed",
      "type": "aws_vpc_security_group_ingress_rule",
      "name": "this",
      "provider": "provider[\"registry.terraform.io/hashicorp/aws\"]",
      "instances": [
        {
          "index_key": "all_http",
          "schema_version": 0,
          "attributes": {
            "arn": "arn:aws:ec2:us-east-1:654654502416:security-group-rule/sgr-0c6cd4e6ef6e2e61d",
            "cidr_ipv4": "0.0.0.0/0",
            "cidr_ipv6": null,
            "description": null,
            "from_port": 80,
            "id": "sgr-0c6cd4e6ef6e2e61d",
            "ip_protocol": "tcp",
            "prefix_list_id": null,
            "referenced_security_group_id": null,
            "security_group_id": "sg-0230dda020db51748",
            "security_group_rule_id": "sgr-0c6cd4e6ef6e2e61d",
            "tags": {
              "Example": "ex-fargate",
              "Name": "ex-fargate",
              "Repository": "https://github.com/terraform-aws-modules/terraform-aws-ecs",
              "terraform-aws-modules": "alb"
            },
            "tags_all": {
              "Example": "ex-fargate",
              "Name": "ex-fargate",
              "Repository": "https://github.com/terraform-aws-modules/terraform-aws-ecs",
              "terraform-aws-modules": "alb"
            },
            "to_port": 80
          },
          "sensitive_attributes": [],
          "dependencies": [
            "module.alb.aws_security_group.this",
            "module.vpc.aws_vpc.this"
          ]
        }
      ]
    },
    {
      "module": "module.ecs_cluster",
      "mode": "managed",
      "type": "aws_cloudwatch_log_group",
      "name": "this",
      "provider": "provider[\"registry.terraform.io/hashicorp/aws\"]",
      "instances": [
        {
          "index_key": 0,
          "schema_version": 0,
          "attributes": {
            "arn": "arn:aws:logs:us-east-1:654654502416:log-group:/aws/ecs/ex-fargate",
            "id": "/aws/ecs/ex-fargate",
            "kms_key_id": "",
            "log_group_class": "STANDARD",
            "name": "/aws/ecs/ex-fargate",
            "name_prefix": "",
            "retention_in_days": 90,
            "skip_destroy": false,
            "tags": {
              "Example": "ex-fargate",
              "Name": "ex-fargate",
              "Repository": "https://github.com/terraform-aws-modules/terraform-aws-ecs"
            },
            "tags_all": {
              "Example": "ex-fargate",
              "Name": "ex-fargate",
              "Repository": "https://github.com/terraform-aws-modules/terraform-aws-ecs"
            }
          },
          "sensitive_attributes": [],
          "private": "bnVsbA=="
        }
      ]
    },
    {
      "module": "module.ecs_cluster",
      "mode": "managed",
      "type": "aws_ecs_cluster",
      "name": "this",
      "provider": "provider[\"registry.terraform.io/hashicorp/aws\"]",
      "instances": [
        {
          "index_key": 0,
          "schema_version": 0,
          "attributes": {
            "arn": "arn:aws:ecs:us-east-1:654654502416:cluster/ex-fargate",
            "configuration": [
              {
                "execute_command_configuration": [
                  {
                    "kms_key_id": "",
                    "log_configuration": [],
                    "logging": "DEFAULT"
                  }
                ],
                "managed_storage_configuration": []
              }
            ],
            "id": "arn:aws:ecs:us-east-1:654654502416:cluster/ex-fargate",
            "name": "ex-fargate",
            "service_connect_defaults": [],
            "setting": [
              {
                "name": "containerInsights",
                "value": "enabled"
              }
            ],
            "tags": {
              "Example": "ex-fargate",
              "Name": "ex-fargate",
              "Repository": "https://github.com/terraform-aws-modules/terraform-aws-ecs"
            },
            "tags_all": {
              "Example": "ex-fargate",
              "Name": "ex-fargate",
              "Repository": "https://github.com/terraform-aws-modules/terraform-aws-ecs"
            }
          },
          "sensitive_attributes": [],
          "private": "bnVsbA==",
          "dependencies": [
            "module.ecs_cluster.aws_cloudwatch_log_group.this"
          ]
        }
      ]
    },
    {
      "module": "module.ecs_cluster",
      "mode": "managed",
      "type": "aws_ecs_cluster_capacity_providers",
      "name": "this",
      "provider": "provider[\"registry.terraform.io/hashicorp/aws\"]",
      "instances": [
        {
          "index_key": 0,
          "schema_version": 0,
          "attributes": {
            "capacity_providers": [
              "FARGATE",
              "FARGATE_SPOT"
            ],
            "cluster_name": "ex-fargate",
            "default_capacity_provider_strategy": [
              {
                "base": 0,
                "capacity_provider": "FARGATE_SPOT",
                "weight": 50
              },
              {
                "base": 20,
                "capacity_provider": "FARGATE",
                "weight": 50
              }
            ],
            "id": "ex-fargate"
          },
          "sensitive_attributes": [],
          "private": "bnVsbA==",
          "dependencies": [
            "module.ecs_cluster.aws_cloudwatch_log_group.this",
            "module.ecs_cluster.aws_ecs_capacity_provider.this",
            "module.ecs_cluster.aws_ecs_cluster.this"
          ]
        }
      ]
    },
    {
      "module": "module.ecs_service",
      "mode": "data",
      "type": "aws_caller_identity",
      "name": "current",
      "provider": "provider[\"registry.terraform.io/hashicorp/aws\"]",
      "instances": [
        {
          "schema_version": 0,
          "attributes": {
            "account_id": "654654502416",
            "arn": "arn:aws:iam::654654502416:root",
            "id": "654654502416",
            "user_id": "654654502416"
          },
          "sensitive_attributes": []
        }
      ]
    },
    {
      "module": "module.ecs_service",
      "mode": "data",
      "type": "aws_ecs_task_definition",
      "name": "this",
      "provider": "provider[\"registry.terraform.io/hashicorp/aws\"]",
      "instances": [
        {
          "index_key": 0,
          "schema_version": 0,
          "attributes": {
            "arn": "arn:aws:ecs:us-east-1:654654502416:task-definition/ex-fargate:8",
            "arn_without_revision": "arn:aws:ecs:us-east-1:654654502416:task-definition/ex-fargate",
            "execution_role_arn": "arn:aws:iam::654654502416:role/ex-fargate-20240903202326608300000003",
            "family": "ex-fargate",
            "id": "arn:aws:ecs:us-east-1:654654502416:task-definition/ex-fargate:8",
            "network_mode": "awsvpc",
            "revision": 8,
            "status": "ACTIVE",
            "task_definition": "ex-fargate",
            "task_role_arn": "arn:aws:iam::654654502416:role/ex-fargate-20240903202326619700000006"
          },
          "sensitive_attributes": []
        }
      ]
    },
    {
      "module": "module.ecs_service",
      "mode": "data",
      "type": "aws_iam_policy_document",
      "name": "task_exec",
      "provider": "provider[\"registry.terraform.io/hashicorp/aws\"]",
      "instances": [
        {
          "index_key": 0,
          "schema_version": 0,
          "attributes": {
            "id": "1415633931",
            "json": "{\n  \"Version\": \"2012-10-17\",\n  \"Statement\": [\n    {\n      \"Sid\": \"Logs\",\n      \"Effect\": \"Allow\",\n      \"Action\": [\n        \"logs:PutLogEvents\",\n        \"logs:CreateLogStream\"\n      ],\n      \"Resource\": \"*\"\n    },\n    {\n      \"Sid\": \"ECR\",\n      \"Effect\": \"Allow\",\n      \"Action\": [\n        \"ecr:GetDownloadUrlForLayer\",\n        \"ecr:GetAuthorizationToken\",\n        \"ecr:BatchGetImage\",\n        \"ecr:BatchCheckLayerAvailability\"\n      ],\n      \"Resource\": \"*\"\n    },\n    {\n      \"Sid\": \"GetSSMParams\",\n      \"Effect\": \"Allow\",\n      \"Action\": \"ssm:GetParameters\",\n      \"Resource\": \"arn:aws:ssm:*:*:parameter/*\"\n    },\n    {\n      \"Sid\": \"GetSecrets\",\n      \"Effect\": \"Allow\",\n      \"Action\": \"secretsmanager:GetSecretValue\",\n      \"Resource\": \"arn:aws:secretsmanager:*:*:secret:*\"\n    }\n  ]\n}",
            "minified_json": "{\"Version\":\"2012-10-17\",\"Statement\":[{\"Sid\":\"Logs\",\"Effect\":\"Allow\",\"Action\":[\"logs:PutLogEvents\",\"logs:CreateLogStream\"],\"Resource\":\"*\"},{\"Sid\":\"ECR\",\"Effect\":\"Allow\",\"Action\":[\"ecr:GetDownloadUrlForLayer\",\"ecr:GetAuthorizationToken\",\"ecr:BatchGetImage\",\"ecr:BatchCheckLayerAvailability\"],\"Resource\":\"*\"},{\"Sid\":\"GetSSMParams\",\"Effect\":\"Allow\",\"Action\":\"ssm:GetParameters\",\"Resource\":\"arn:aws:ssm:*:*:parameter/*\"},{\"Sid\":\"GetSecrets\",\"Effect\":\"Allow\",\"Action\":\"secretsmanager:GetSecretValue\",\"Resource\":\"arn:aws:secretsmanager:*:*:secret:*\"}]}",
            "override_json": null,
            "override_policy_documents": null,
            "policy_id": null,
            "source_json": null,
            "source_policy_documents": null,
            "statement": [
              {
                "actions": [
                  "logs:CreateLogStream",
                  "logs:PutLogEvents"
                ],
                "condition": [],
                "effect": "Allow",
                "not_actions": [],
                "not_principals": [],
                "not_resources": [],
                "principals": [],
                "resources": [
                  "*"
                ],
                "sid": "Logs"
              },
              {
                "actions": [
                  "ecr:BatchCheckLayerAvailability",
                  "ecr:BatchGetImage",
                  "ecr:GetAuthorizationToken",
                  "ecr:GetDownloadUrlForLayer"
                ],
                "condition": [],
                "effect": "Allow",
                "not_actions": [],
                "not_principals": [],
                "not_resources": [],
                "principals": [],
                "resources": [
                  "*"
                ],
                "sid": "ECR"
              },
              {
                "actions": [
                  "ssm:GetParameters"
                ],
                "condition": [],
                "effect": "Allow",
                "not_actions": [],
                "not_principals": [],
                "not_resources": [],
                "principals": [],
                "resources": [
                  "arn:aws:ssm:*:*:parameter/*"
                ],
                "sid": "GetSSMParams"
              },
              {
                "actions": [
                  "secretsmanager:GetSecretValue"
                ],
                "condition": [],
                "effect": "Allow",
                "not_actions": [],
                "not_principals": [],
                "not_resources": [],
                "principals": [],
                "resources": [
                  "arn:aws:secretsmanager:*:*:secret:*"
                ],
                "sid": "GetSecrets"
              }
            ],
            "version": "2012-10-17"
          },
          "sensitive_attributes": []
        }
      ]
    },
    {
      "module": "module.ecs_service",
      "mode": "data",
      "type": "aws_iam_policy_document",
      "name": "task_exec_assume",
      "provider": "provider[\"registry.terraform.io/hashicorp/aws\"]",
      "instances": [
        {
          "index_key": 0,
          "schema_version": 0,
          "attributes": {
            "id": "2291109037",
            "json": "{\n  \"Version\": \"2012-10-17\",\n  \"Statement\": [\n    {\n      \"Sid\": \"ECSTaskExecutionAssumeRole\",\n      \"Effect\": \"Allow\",\n      \"Action\": \"sts:AssumeRole\",\n      \"Principal\": {\n        \"Service\": \"ecs-tasks.amazonaws.com\"\n      }\n    }\n  ]\n}",
            "minified_json": "{\"Version\":\"2012-10-17\",\"Statement\":[{\"Sid\":\"ECSTaskExecutionAssumeRole\",\"Effect\":\"Allow\",\"Action\":\"sts:AssumeRole\",\"Principal\":{\"Service\":\"ecs-tasks.amazonaws.com\"}}]}",
            "override_json": null,
            "override_policy_documents": null,
            "policy_id": null,
            "source_json": null,
            "source_policy_documents": null,
            "statement": [
              {
                "actions": [
                  "sts:AssumeRole"
                ],
                "condition": [],
                "effect": "Allow",
                "not_actions": [],
                "not_principals": [],
                "not_resources": [],
                "principals": [
                  {
                    "identifiers": [
                      "ecs-tasks.amazonaws.com"
                    ],
                    "type": "Service"
                  }
                ],
                "resources": [],
                "sid": "ECSTaskExecutionAssumeRole"
              }
            ],
            "version": "2012-10-17"
          },
          "sensitive_attributes": []
        }
      ]
    },
    {
      "module": "module.ecs_service",
      "mode": "data",
      "type": "aws_iam_policy_document",
      "name": "tasks",
      "provider": "provider[\"registry.terraform.io/hashicorp/aws\"]",
      "instances": [
        {
          "index_key": 0,
          "schema_version": 0,
          "attributes": {
            "id": "757765849",
            "json": "{\n  \"Version\": \"2012-10-17\",\n  \"Statement\": [\n    {\n      \"Sid\": \"ECSExec\",\n      \"Effect\": \"Allow\",\n      \"Action\": [\n        \"ssmmessages:OpenDataChannel\",\n        \"ssmmessages:OpenControlChannel\",\n        \"ssmmessages:CreateDataChannel\",\n        \"ssmmessages:CreateControlChannel\"\n      ],\n      \"Resource\": \"*\"\n    }\n  ]\n}",
            "minified_json": "{\"Version\":\"2012-10-17\",\"Statement\":[{\"Sid\":\"ECSExec\",\"Effect\":\"Allow\",\"Action\":[\"ssmmessages:OpenDataChannel\",\"ssmmessages:OpenControlChannel\",\"ssmmessages:CreateDataChannel\",\"ssmmessages:CreateControlChannel\"],\"Resource\":\"*\"}]}",
            "override_json": null,
            "override_policy_documents": null,
            "policy_id": null,
            "source_json": null,
            "source_policy_documents": null,
            "statement": [
              {
                "actions": [
                  "ssmmessages:CreateControlChannel",
                  "ssmmessages:CreateDataChannel",
                  "ssmmessages:OpenControlChannel",
                  "ssmmessages:OpenDataChannel"
                ],
                "condition": [],
                "effect": "Allow",
                "not_actions": [],
                "not_principals": [],
                "not_resources": [],
                "principals": [],
                "resources": [
                  "*"
                ],
                "sid": "ECSExec"
              }
            ],
            "version": "2012-10-17"
          },
          "sensitive_attributes": []
        }
      ]
    },
    {
      "module": "module.ecs_service",
      "mode": "data",
      "type": "aws_iam_policy_document",
      "name": "tasks_assume",
      "provider": "provider[\"registry.terraform.io/hashicorp/aws\"]",
      "instances": [
        {
          "index_key": 0,
          "schema_version": 0,
          "attributes": {
            "id": "2380844839",
            "json": "{\n  \"Version\": \"2012-10-17\",\n  \"Statement\": [\n    {\n      \"Sid\": \"ECSTasksAssumeRole\",\n      \"Effect\": \"Allow\",\n      \"Action\": \"sts:AssumeRole\",\n      \"Principal\": {\n        \"Service\": \"ecs-tasks.amazonaws.com\"\n      },\n      \"Condition\": {\n        \"ArnLike\": {\n          \"aws:SourceArn\": \"arn:aws:ecs:us-east-1:654654502416:*\"\n        },\n        \"StringEquals\": {\n          \"aws:SourceAccount\": \"654654502416\"\n        }\n      }\n    }\n  ]\n}",
            "minified_json": "{\"Version\":\"2012-10-17\",\"Statement\":[{\"Sid\":\"ECSTasksAssumeRole\",\"Effect\":\"Allow\",\"Action\":\"sts:AssumeRole\",\"Principal\":{\"Service\":\"ecs-tasks.amazonaws.com\"},\"Condition\":{\"ArnLike\":{\"aws:SourceArn\":\"arn:aws:ecs:us-east-1:654654502416:*\"},\"StringEquals\":{\"aws:SourceAccount\":\"654654502416\"}}}]}",
            "override_json": null,
            "override_policy_documents": null,
            "policy_id": null,
            "source_json": null,
            "source_policy_documents": null,
            "statement": [
              {
                "actions": [
                  "sts:AssumeRole"
                ],
                "condition": [
                  {
                    "test": "ArnLike",
                    "values": [
                      "arn:aws:ecs:us-east-1:654654502416:*"
                    ],
                    "variable": "aws:SourceArn"
                  },
                  {
                    "test": "StringEquals",
                    "values": [
                      "654654502416"
                    ],
                    "variable": "aws:SourceAccount"
                  }
                ],
                "effect": "Allow",
                "not_actions": [],
                "not_principals": [],
                "not_resources": [],
                "principals": [
                  {
                    "identifiers": [
                      "ecs-tasks.amazonaws.com"
                    ],
                    "type": "Service"
                  }
                ],
                "resources": [],
                "sid": "ECSTasksAssumeRole"
              }
            ],
            "version": "2012-10-17"
          },
          "sensitive_attributes": []
        }
      ]
    },
    {
      "module": "module.ecs_service",
      "mode": "data",
      "type": "aws_partition",
      "name": "current",
      "provider": "provider[\"registry.terraform.io/hashicorp/aws\"]",
      "instances": [
        {
          "schema_version": 0,
          "attributes": {
            "dns_suffix": "amazonaws.com",
            "id": "aws",
            "partition": "aws",
            "reverse_dns_prefix": "com.amazonaws"
          },
          "sensitive_attributes": []
        }
      ]
    },
    {
      "module": "module.ecs_service",
      "mode": "data",
      "type": "aws_region",
      "name": "current",
      "provider": "provider[\"registry.terraform.io/hashicorp/aws\"]",
      "instances": [
        {
          "schema_version": 0,
          "attributes": {
            "description": "US East (N. Virginia)",
            "endpoint": "ec2.us-east-1.amazonaws.com",
            "id": "us-east-1",
            "name": "us-east-1"
          },
          "sensitive_attributes": []
        }
      ]
    },
    {
      "module": "module.ecs_service",
      "mode": "data",
      "type": "aws_subnet",
      "name": "this",
      "provider": "provider[\"registry.terraform.io/hashicorp/aws\"]",
      "instances": [
        {
          "index_key": 0,
          "schema_version": 0,
          "attributes": {
            "arn": "arn:aws:ec2:us-east-1:654654502416:subnet/subnet-0282d7a0e3937a655",
            "assign_ipv6_address_on_creation": false,
            "availability_zone": "us-east-1a",
            "availability_zone_id": "use1-az6",
            "available_ip_address_count": 4090,
            "cidr_block": "10.0.0.0/20",
            "customer_owned_ipv4_pool": "",
            "default_for_az": false,
            "enable_dns64": false,
            "enable_lni_at_device_index": 0,
            "enable_resource_name_dns_a_record_on_launch": false,
            "enable_resource_name_dns_aaaa_record_on_launch": false,
            "filter": null,
            "id": "subnet-0282d7a0e3937a655",
            "ipv6_cidr_block": "",
            "ipv6_cidr_block_association_id": "",
            "ipv6_native": false,
            "map_customer_owned_ip_on_launch": false,
            "map_public_ip_on_launch": false,
            "outpost_arn": "",
            "owner_id": "654654502416",
            "private_dns_hostname_type_on_launch": "ip-name",
            "state": "available",
            "tags": {
              "Example": "ex-fargate",
              "Name": "ex-fargate",
              "Repository": "https://github.com/terraform-aws-modules/terraform-aws-ecs"
            },
            "timeouts": null,
            "vpc_id": "vpc-0b7f5658d14b4a00d"
          },
          "sensitive_attributes": []
        }
      ]
    },
    {
      "module": "module.ecs_service",
      "mode": "managed",
      "type": "aws_appautoscaling_policy",
      "name": "this",
      "provider": "provider[\"registry.terraform.io/hashicorp/aws\"]",
      "instances": [
        {
          "index_key": "cpu",
          "schema_version": 0,
          "attributes": {
            "alarm_arns": [
              "arn:aws:cloudwatch:us-east-1:654654502416:alarm:TargetTracking-service/ex-fargate/ex-fargate-AlarmHigh-ef329736-e45b-4f28-a60b-df9f6dfe5c0c",
              "arn:aws:cloudwatch:us-east-1:654654502416:alarm:TargetTracking-service/ex-fargate/ex-fargate-AlarmLow-5abd2ac9-a0ae-4676-a1fe-ab8e86e63a21"
            ],
            "arn": "arn:aws:autoscaling:us-east-1:654654502416:scalingPolicy:8aaa180f-bbba-44a8-b81f-b5cbc31a41cf:resource/ecs/service/ex-fargate/ex-fargate:policyName/cpu",
            "id": "cpu",
            "name": "cpu",
            "policy_type": "TargetTrackingScaling",
            "resource_id": "service/ex-fargate/ex-fargate",
            "scalable_dimension": "ecs:service:DesiredCount",
            "service_namespace": "ecs",
            "step_scaling_policy_configuration": [],
            "target_tracking_scaling_policy_configuration": [
              {
                "customized_metric_specification": [],
                "disable_scale_in": false,
                "predefined_metric_specification": [
                  {
                    "predefined_metric_type": "ECSServiceAverageCPUUtilization",
                    "resource_label": ""
                  }
                ],
                "scale_in_cooldown": 300,
                "scale_out_cooldown": 60,
                "target_value": 75
              }
            ]
          },
          "sensitive_attributes": [],
          "private": "bnVsbA==",
          "dependencies": [
            "aws_service_discovery_http_namespace.this",
            "data.aws_availability_zones.available",
            "data.aws_ssm_parameter.fluentbit",
            "module.alb.aws_lb_target_group.this",
            "module.ecs_cluster.aws_cloudwatch_log_group.this",
            "module.ecs_cluster.aws_ecs_cluster.this",
            "module.ecs_service.aws_appautoscaling_target.this",
            "module.ecs_service.aws_ecs_service.ignore_task_definition",
            "module.ecs_service.aws_ecs_service.this",
            "module.ecs_service.aws_ecs_task_definition.this",
            "module.ecs_service.aws_iam_policy.service",
            "module.ecs_service.aws_iam_policy.task_exec",
            "module.ecs_service.aws_iam_role.service",
            "module.ecs_service.aws_iam_role.task_exec",
            "module.ecs_service.aws_iam_role.tasks",
            "module.ecs_service.aws_iam_role_policy_attachment.service",
            "module.ecs_service.aws_iam_role_policy_attachment.task_exec",
            "module.ecs_service.aws_iam_role_policy_attachment.task_exec_additional",
            "module.ecs_service.aws_iam_role_policy_attachment.tasks",
            "module.ecs_service.aws_security_group.this",
            "module.ecs_service.data.aws_caller_identity.current",
            "module.ecs_service.data.aws_ecs_task_definition.this",
            "module.ecs_service.data.aws_iam_policy_document.service",
            "module.ecs_service.data.aws_iam_policy_document.service_assume",
            "module.ecs_service.data.aws_iam_policy_document.task_exec",
            "module.ecs_service.data.aws_iam_policy_document.task_exec_assume",
            "module.ecs_service.data.aws_iam_policy_document.tasks_assume",
            "module.ecs_service.data.aws_partition.current",
            "module.ecs_service.data.aws_region.current",
            "module.ecs_service.data.aws_subnet.this",
            "module.ecs_service.module.container_definition.aws_cloudwatch_log_group.this",
            "module.ecs_service.module.container_definition.data.aws_region.current",
            "module.vpc.aws_subnet.private",
            "module.vpc.aws_vpc.this",
            "module.vpc.aws_vpc_ipv4_cidr_block_association.this"
          ]
        },
        {
          "index_key": "memory",
          "schema_version": 0,
          "attributes": {
            "alarm_arns": [
              "arn:aws:cloudwatch:us-east-1:654654502416:alarm:TargetTracking-service/ex-fargate/ex-fargate-AlarmHigh-12dc31ad-2604-492d-9a73-83e388090669",
              "arn:aws:cloudwatch:us-east-1:654654502416:alarm:TargetTracking-service/ex-fargate/ex-fargate-AlarmLow-cfc20399-722b-49e3-a69c-fecd6fdec30b"
            ],
            "arn": "arn:aws:autoscaling:us-east-1:654654502416:scalingPolicy:8aaa180f-bbba-44a8-b81f-b5cbc31a41cf:resource/ecs/service/ex-fargate/ex-fargate:policyName/memory",
            "id": "memory",
            "name": "memory",
            "policy_type": "TargetTrackingScaling",
            "resource_id": "service/ex-fargate/ex-fargate",
            "scalable_dimension": "ecs:service:DesiredCount",
            "service_namespace": "ecs",
            "step_scaling_policy_configuration": [],
            "target_tracking_scaling_policy_configuration": [
              {
                "customized_metric_specification": [],
                "disable_scale_in": false,
                "predefined_metric_specification": [
                  {
                    "predefined_metric_type": "ECSServiceAverageMemoryUtilization",
                    "resource_label": ""
                  }
                ],
                "scale_in_cooldown": 300,
                "scale_out_cooldown": 60,
                "target_value": 75
              }
            ]
          },
          "sensitive_attributes": [],
          "private": "bnVsbA==",
          "dependencies": [
            "aws_service_discovery_http_namespace.this",
            "data.aws_availability_zones.available",
            "data.aws_ssm_parameter.fluentbit",
            "module.alb.aws_lb_target_group.this",
            "module.ecs_cluster.aws_cloudwatch_log_group.this",
            "module.ecs_cluster.aws_ecs_cluster.this",
            "module.ecs_service.aws_appautoscaling_target.this",
            "module.ecs_service.aws_ecs_service.ignore_task_definition",
            "module.ecs_service.aws_ecs_service.this",
            "module.ecs_service.aws_ecs_task_definition.this",
            "module.ecs_service.aws_iam_policy.service",
            "module.ecs_service.aws_iam_policy.task_exec",
            "module.ecs_service.aws_iam_role.service",
            "module.ecs_service.aws_iam_role.task_exec",
            "module.ecs_service.aws_iam_role.tasks",
            "module.ecs_service.aws_iam_role_policy_attachment.service",
            "module.ecs_service.aws_iam_role_policy_attachment.task_exec",
            "module.ecs_service.aws_iam_role_policy_attachment.task_exec_additional",
            "module.ecs_service.aws_iam_role_policy_attachment.tasks",
            "module.ecs_service.aws_security_group.this",
            "module.ecs_service.data.aws_caller_identity.current",
            "module.ecs_service.data.aws_ecs_task_definition.this",
            "module.ecs_service.data.aws_iam_policy_document.service",
            "module.ecs_service.data.aws_iam_policy_document.service_assume",
            "module.ecs_service.data.aws_iam_policy_document.task_exec",
            "module.ecs_service.data.aws_iam_policy_document.task_exec_assume",
            "module.ecs_service.data.aws_iam_policy_document.tasks_assume",
            "module.ecs_service.data.aws_partition.current",
            "module.ecs_service.data.aws_region.current",
            "module.ecs_service.data.aws_subnet.this",
            "module.ecs_service.module.container_definition.aws_cloudwatch_log_group.this",
            "module.ecs_service.module.container_definition.data.aws_region.current",
            "module.vpc.aws_subnet.private",
            "module.vpc.aws_vpc.this",
            "module.vpc.aws_vpc_ipv4_cidr_block_association.this"
          ]
        }
      ]
    },
    {
      "module": "module.ecs_service",
      "mode": "managed",
      "type": "aws_appautoscaling_target",
      "name": "this",
      "provider": "provider[\"registry.terraform.io/hashicorp/aws\"]",
      "instances": [
        {
          "index_key": 0,
          "schema_version": 0,
          "attributes": {
            "arn": "arn:aws:application-autoscaling:us-east-1:654654502416:scalable-target/0ec58aaa180fbbba44a8b81fb5cbc31a41cf",
            "id": "service/ex-fargate/ex-fargate",
            "max_capacity": 10,
            "min_capacity": 1,
            "resource_id": "service/ex-fargate/ex-fargate",
            "role_arn": "arn:aws:iam::654654502416:role/aws-service-role/ecs.application-autoscaling.amazonaws.com/AWSServiceRoleForApplicationAutoScaling_ECSService",
            "scalable_dimension": "ecs:service:DesiredCount",
            "service_namespace": "ecs",
            "tags": {
              "Example": "ex-fargate",
              "Name": "ex-fargate",
              "Repository": "https://github.com/terraform-aws-modules/terraform-aws-ecs"
            },
            "tags_all": {
              "Example": "ex-fargate",
              "Name": "ex-fargate",
              "Repository": "https://github.com/terraform-aws-modules/terraform-aws-ecs"
            }
          },
          "sensitive_attributes": [],
          "private": "bnVsbA==",
          "dependencies": [
            "aws_service_discovery_http_namespace.this",
            "data.aws_availability_zones.available",
            "data.aws_ssm_parameter.fluentbit",
            "module.alb.aws_lb_target_group.this",
            "module.ecs_cluster.aws_cloudwatch_log_group.this",
            "module.ecs_cluster.aws_ecs_cluster.this",
            "module.ecs_service.aws_ecs_service.ignore_task_definition",
            "module.ecs_service.aws_ecs_service.this",
            "module.ecs_service.aws_ecs_task_definition.this",
            "module.ecs_service.aws_iam_policy.service",
            "module.ecs_service.aws_iam_policy.task_exec",
            "module.ecs_service.aws_iam_role.service",
            "module.ecs_service.aws_iam_role.task_exec",
            "module.ecs_service.aws_iam_role.tasks",
            "module.ecs_service.aws_iam_role_policy_attachment.service",
            "module.ecs_service.aws_iam_role_policy_attachment.task_exec",
            "module.ecs_service.aws_iam_role_policy_attachment.task_exec_additional",
            "module.ecs_service.aws_iam_role_policy_attachment.tasks",
            "module.ecs_service.aws_security_group.this",
            "module.ecs_service.data.aws_caller_identity.current",
            "module.ecs_service.data.aws_ecs_task_definition.this",
            "module.ecs_service.data.aws_iam_policy_document.service",
            "module.ecs_service.data.aws_iam_policy_document.service_assume",
            "module.ecs_service.data.aws_iam_policy_document.task_exec",
            "module.ecs_service.data.aws_iam_policy_document.task_exec_assume",
            "module.ecs_service.data.aws_iam_policy_document.tasks_assume",
            "module.ecs_service.data.aws_partition.current",
            "module.ecs_service.data.aws_region.current",
            "module.ecs_service.data.aws_subnet.this",
            "module.ecs_service.module.container_definition.aws_cloudwatch_log_group.this",
            "module.ecs_service.module.container_definition.data.aws_region.current",
            "module.vpc.aws_subnet.private",
            "module.vpc.aws_vpc.this",
            "module.vpc.aws_vpc_ipv4_cidr_block_association.this"
          ]
        }
      ]
    },
    {
      "module": "module.ecs_service",
      "mode": "managed",
      "type": "aws_ecs_service",
      "name": "this",
      "provider": "provider[\"registry.terraform.io/hashicorp/aws\"]",
      "instances": [
        {
          "index_key": 0,
          "schema_version": 1,
          "attributes": {
            "alarms": [],
            "capacity_provider_strategy": [],
            "cluster": "arn:aws:ecs:us-east-1:654654502416:cluster/ex-fargate",
            "deployment_circuit_breaker": [
              {
                "enable": false,
                "rollback": false
              }
            ],
            "deployment_controller": [
              {
                "type": "ECS"
              }
            ],
            "deployment_maximum_percent": 200,
            "deployment_minimum_healthy_percent": 66,
            "desired_count": 1,
            "enable_ecs_managed_tags": true,
            "enable_execute_command": true,
            "force_delete": null,
            "force_new_deployment": true,
            "health_check_grace_period_seconds": 0,
            "iam_role": "/aws-service-role/ecs.amazonaws.com/AWSServiceRoleForECS",
            "id": "arn:aws:ecs:us-east-1:654654502416:service/ex-fargate/ex-fargate",
            "launch_type": "FARGATE",
            "load_balancer": [
              {
                "container_name": "ecsdemo-frontend",
                "container_port": 3000,
                "elb_name": "",
                "target_group_arn": "arn:aws:elasticloadbalancing:us-east-1:654654502416:targetgroup/tf-2024090320234021650000000e/c358e5b512104855"
              }
            ],
            "name": "ex-fargate",
            "network_configuration": [
              {
                "assign_public_ip": false,
                "security_groups": [
                  "sg-0bda446d39e588f0b"
                ],
                "subnets": [
                  "subnet-0282d7a0e3937a655",
                  "subnet-038919cc4d6c31614"
                ]
              }
            ],
            "ordered_placement_strategy": [],
            "placement_constraints": [],
            "platform_version": "LATEST",
            "propagate_tags": "NONE",
            "scheduling_strategy": "REPLICA",
            "service_connect_configuration": [
              {
                "enabled": true,
                "log_configuration": [],
                "namespace": "arn:aws:servicediscovery:us-east-1:654654502416:namespace/ns-4eds2eihaxjy6eac",
                "service": [
                  {
                    "client_alias": [
                      {
                        "dns_name": "ecsdemo-frontend",
                        "port": 3000
                      }
                    ],
                    "discovery_name": "ecsdemo-frontend",
                    "ingress_port_override": 0,
                    "port_name": "ecsdemo-frontend",
                    "timeout": [],
                    "tls": []
                  }
                ]
              }
            ],
            "service_registries": [],
            "tags": {
              "Example": "ex-fargate",
              "Name": "ex-fargate",
              "Repository": "https://github.com/terraform-aws-modules/terraform-aws-ecs",
              "ServiceTag": "Tag on service level"
            },
            "tags_all": {
              "Example": "ex-fargate",
              "Name": "ex-fargate",
              "Repository": "https://github.com/terraform-aws-modules/terraform-aws-ecs",
              "ServiceTag": "Tag on service level"
            },
            "task_definition": "ex-fargate:8",
            "timeouts": {
              "create": null,
              "delete": null,
              "update": null
            },
            "triggers": {},
            "volume_configuration": [],
            "wait_for_steady_state": false
          },
          "sensitive_attributes": [],
          "private": "eyJlMmJmYjczMC1lY2FhLTExZTYtOGY4OC0zNDM2M2JjN2M0YzAiOnsiY3JlYXRlIjoxMjAwMDAwMDAwMDAwLCJkZWxldGUiOjEyMDAwMDAwMDAwMDAsInVwZGF0ZSI6MTIwMDAwMDAwMDAwMH0sInNjaGVtYV92ZXJzaW9uIjoiMSJ9",
          "dependencies": [
            "aws_service_discovery_http_namespace.this",
            "data.aws_availability_zones.available",
            "data.aws_ssm_parameter.fluentbit",
            "module.alb.aws_lb_target_group.this",
            "module.ecs_cluster.aws_ecs_cluster.this",
            "module.ecs_service.aws_ecs_task_definition.this",
            "module.ecs_service.aws_iam_role.service",
            "module.ecs_service.aws_iam_role.task_exec",
            "module.ecs_service.aws_iam_role.tasks",
            "module.ecs_service.aws_iam_role_policy_attachment.service",
            "module.ecs_service.aws_iam_role_policy_attachment.task_exec",
            "module.ecs_service.aws_iam_role_policy_attachment.task_exec_additional",
            "module.ecs_service.aws_iam_role_policy_attachment.tasks",
            "module.ecs_service.aws_security_group.this",
            "module.ecs_service.data.aws_ecs_task_definition.this",
            "module.ecs_service.module.container_definition.aws_cloudwatch_log_group.this",
            "module.ecs_service.module.container_definition.data.aws_region.current",
            "module.vpc.aws_subnet.private"
          ]
        }
      ]
    },
    {
      "module": "module.ecs_service",
      "mode": "managed",
      "type": "aws_ecs_task_definition",
      "name": "this",
      "provider": "provider[\"registry.terraform.io/hashicorp/aws\"]",
      "instances": [
        {
          "index_key": 0,
          "schema_version": 1,
          "attributes": {
            "arn": "arn:aws:ecs:us-east-1:654654502416:task-definition/ex-fargate:8",
            "arn_without_revision": "arn:aws:ecs:us-east-1:654654502416:task-definition/ex-fargate",
            "container_definitions": "[{\"cpu\":512,\"dependsOn\":[{\"condition\":\"START\",\"containerName\":\"fluent-bit\"}],\"environment\":[],\"essential\":true,\"image\":\"public.ecr.aws/aws-containers/ecsdemo-frontend:776fd50\",\"interactive\":false,\"linuxParameters\":{\"capabilities\":{\"add\":[],\"drop\":[\"NET_RAW\"]},\"initProcessEnabled\":true},\"logConfiguration\":{\"logDriver\":\"awsfirelens\",\"options\":{\"delivery_stream\":\"my-stream\",\"log-driver-buffer-limit\":\"2097152\",\"region\":\"us-east-1\",\"Name\":\"firehose\"}},\"memory\":512,\"memoryReservation\":100,\"mountPoints\":[],\"name\":\"ecsdemo-frontend\",\"portMappings\":[{\"containerPort\":3000,\"hostPort\":3000,\"name\":\"ecsdemo-frontend\",\"protocol\":\"tcp\"}],\"privileged\":false,\"pseudoTerminal\":false,\"readonlyRootFilesystem\":false,\"startTimeout\":30,\"stopTimeout\":120,\"systemControls\":[],\"user\":\"0\",\"volumesFrom\":[{\"readOnly\":false,\"sourceContainer\":\"fluent-bit\"}]},{\"cpu\":512,\"environment\":[],\"essential\":true,\"firelensConfiguration\":{\"type\":\"fluentbit\"},\"image\":\"906394416424.dkr.ecr.us-east-1.amazonaws.com/aws-for-fluent-bit:2.32.2.20240820\",\"interactive\":false,\"linuxParameters\":{\"initProcessEnabled\":true},\"logConfiguration\":{\"logDriver\":\"awslogs\",\"options\":{\"awslogs-group\":\"/aws/ecs/ex-fargate/fluent-bit\",\"awslogs-region\":\"us-east-1\",\"awslogs-stream-prefix\":\"ecs\"}},\"memory\":512,\"memoryReservation\":50,\"mountPoints\":[],\"name\":\"fluent-bit\",\"portMappings\":[],\"privileged\":false,\"pseudoTerminal\":false,\"readonlyRootFilesystem\":true,\"startTimeout\":30,\"stopTimeout\":120,\"systemControls\":[],\"user\":\"0\",\"volumesFrom\":[]}]",
            "cpu": "1024",
            "ephemeral_storage": [],
            "execution_role_arn": "arn:aws:iam::654654502416:role/ex-fargate-20240903202326608300000003",
            "family": "ex-fargate",
            "id": "ex-fargate",
            "inference_accelerator": [],
            "ipc_mode": "",
            "memory": "2048",
            "network_mode": "awsvpc",
            "pid_mode": "",
            "placement_constraints": [],
            "proxy_configuration": [],
            "requires_compatibilities": [
              "FARGATE"
            ],
            "revision": 8,
            "runtime_platform": [
              {
                "cpu_architecture": "X86_64",
                "operating_system_family": "LINUX"
              }
            ],
            "skip_destroy": false,
            "tags": {
              "Example": "ex-fargate",
              "Name": "ex-fargate",
              "Repository": "https://github.com/terraform-aws-modules/terraform-aws-ecs"
            },
            "tags_all": {
              "Example": "ex-fargate",
              "Name": "ex-fargate",
              "Repository": "https://github.com/terraform-aws-modules/terraform-aws-ecs"
            },
            "task_role_arn": "arn:aws:iam::654654502416:role/ex-fargate-20240903202326619700000006",
            "track_latest": false,
            "volume": []
          },
          "sensitive_attributes": [],
          "private": "eyJzY2hlbWFfdmVyc2lvbiI6IjEifQ==",
          "dependencies": [
            "data.aws_ssm_parameter.fluentbit",
            "module.ecs_service.aws_iam_role.task_exec",
            "module.ecs_service.aws_iam_role.tasks",
            "module.ecs_service.aws_iam_role_policy_attachment.task_exec",
            "module.ecs_service.aws_iam_role_policy_attachment.task_exec_additional",
            "module.ecs_service.aws_iam_role_policy_attachment.tasks",
            "module.ecs_service.module.container_definition.aws_cloudwatch_log_group.this",
            "module.ecs_service.module.container_definition.data.aws_region.current"
          ],
          "create_before_destroy": true
        }
      ]
    },
    {
      "module": "module.ecs_service",
      "mode": "managed",
      "type": "aws_iam_policy",
      "name": "task_exec",
      "provider": "provider[\"registry.terraform.io/hashicorp/aws\"]",
      "instances": [
        {
          "index_key": 0,
          "schema_version": 0,
          "attributes": {
            "arn": "arn:aws:iam::654654502416:policy/ex-fargate-20240903202326619700000007",
            "attachment_count": 1,
            "description": "Task execution role IAM policy",
            "id": "arn:aws:iam::654654502416:policy/ex-fargate-20240903202326619700000007",
            "name": "ex-fargate-20240903202326619700000007",
            "name_prefix": "ex-fargate-",
            "path": "/",
            "policy": "{\"Statement\":[{\"Action\":[\"logs:PutLogEvents\",\"logs:CreateLogStream\"],\"Effect\":\"Allow\",\"Resource\":\"*\",\"Sid\":\"Logs\"},{\"Action\":[\"ecr:GetDownloadUrlForLayer\",\"ecr:GetAuthorizationToken\",\"ecr:BatchGetImage\",\"ecr:BatchCheckLayerAvailability\"],\"Effect\":\"Allow\",\"Resource\":\"*\",\"Sid\":\"ECR\"},{\"Action\":\"ssm:GetParameters\",\"Effect\":\"Allow\",\"Resource\":\"arn:aws:ssm:*:*:parameter/*\",\"Sid\":\"GetSSMParams\"},{\"Action\":\"secretsmanager:GetSecretValue\",\"Effect\":\"Allow\",\"Resource\":\"arn:aws:secretsmanager:*:*:secret:*\",\"Sid\":\"GetSecrets\"}],\"Version\":\"2012-10-17\"}",
            "policy_id": "ANPAZQ3DS6YIIQGFXZOU7",
            "tags": {
              "Example": "ex-fargate",
              "Name": "ex-fargate",
              "Repository": "https://github.com/terraform-aws-modules/terraform-aws-ecs"
            },
            "tags_all": {
              "Example": "ex-fargate",
              "Name": "ex-fargate",
              "Repository": "https://github.com/terraform-aws-modules/terraform-aws-ecs"
            }
          },
          "sensitive_attributes": [],
          "private": "bnVsbA==",
          "dependencies": [
            "module.ecs_service.data.aws_iam_policy_document.task_exec"
          ],
          "create_before_destroy": true
        }
      ]
    },
    {
      "module": "module.ecs_service",
      "mode": "managed",
      "type": "aws_iam_role",
      "name": "task_exec",
      "provider": "provider[\"registry.terraform.io/hashicorp/aws\"]",
      "instances": [
        {
          "index_key": 0,
          "schema_version": 0,
          "attributes": {
            "arn": "arn:aws:iam::654654502416:role/ex-fargate-20240903202326608300000003",
            "assume_role_policy": "{\"Statement\":[{\"Action\":\"sts:AssumeRole\",\"Effect\":\"Allow\",\"Principal\":{\"Service\":\"ecs-tasks.amazonaws.com\"},\"Sid\":\"ECSTaskExecutionAssumeRole\"}],\"Version\":\"2012-10-17\"}",
            "create_date": "2024-09-03T20:23:27Z",
            "description": "Task execution role for ex-fargate",
            "force_detach_policies": true,
            "id": "ex-fargate-20240903202326608300000003",
            "inline_policy": [],
            "managed_policy_arns": [
              "arn:aws:iam::654654502416:policy/ex-fargate-20240903202326619700000007"
            ],
            "max_session_duration": 3600,
            "name": "ex-fargate-20240903202326608300000003",
            "name_prefix": "ex-fargate-",
            "path": "/",
            "permissions_boundary": "",
            "tags": {
              "Example": "ex-fargate",
              "Name": "ex-fargate",
              "Repository": "https://github.com/terraform-aws-modules/terraform-aws-ecs"
            },
            "tags_all": {
              "Example": "ex-fargate",
              "Name": "ex-fargate",
              "Repository": "https://github.com/terraform-aws-modules/terraform-aws-ecs"
            },
            "unique_id": "AROAZQ3DS6YIMXJ5MIKIQ"
          },
          "sensitive_attributes": [],
          "private": "bnVsbA==",
          "dependencies": [
            "module.ecs_service.data.aws_iam_policy_document.task_exec_assume"
          ],
          "create_before_destroy": true
        }
      ]
    },
    {
      "module": "module.ecs_service",
      "mode": "managed",
      "type": "aws_iam_role",
      "name": "tasks",
      "provider": "provider[\"registry.terraform.io/hashicorp/aws\"]",
      "instances": [
        {
          "index_key": 0,
          "schema_version": 0,
          "attributes": {
            "arn": "arn:aws:iam::654654502416:role/ex-fargate-20240903202326619700000006",
            "assume_role_policy": "{\"Statement\":[{\"Action\":\"sts:AssumeRole\",\"Condition\":{\"ArnLike\":{\"aws:SourceArn\":\"arn:aws:ecs:us-east-1:654654502416:*\"},\"StringEquals\":{\"aws:SourceAccount\":\"654654502416\"}},\"Effect\":\"Allow\",\"Principal\":{\"Service\":\"ecs-tasks.amazonaws.com\"},\"Sid\":\"ECSTasksAssumeRole\"}],\"Version\":\"2012-10-17\"}",
            "create_date": "2024-09-03T20:23:27Z",
            "description": "",
            "force_detach_policies": true,
            "id": "ex-fargate-20240903202326619700000006",
            "inline_policy": [
              {
                "name": "ex-fargate-20240903202327384900000008",
                "policy": "{\"Version\":\"2012-10-17\",\"Statement\":[{\"Action\":[\"ssmmessages:OpenDataChannel\",\"ssmmessages:OpenControlChannel\",\"ssmmessages:CreateDataChannel\",\"ssmmessages:CreateControlChannel\"],\"Effect\":\"Allow\",\"Resource\":\"*\",\"Sid\":\"ECSExec\"}]}"
              }
            ],
            "managed_policy_arns": [
              "arn:aws:iam::aws:policy/AdministratorAccess"
            ],
            "max_session_duration": 3600,
            "name": "ex-fargate-20240903202326619700000006",
            "name_prefix": "ex-fargate-",
            "path": "/",
            "permissions_boundary": "",
            "tags": {
              "Example": "ex-fargate",
              "Name": "ex-fargate",
              "Repository": "https://github.com/terraform-aws-modules/terraform-aws-ecs"
            },
            "tags_all": {
              "Example": "ex-fargate",
              "Name": "ex-fargate",
              "Repository": "https://github.com/terraform-aws-modules/terraform-aws-ecs"
            },
            "unique_id": "AROAZQ3DS6YIJUVSDZWPU"
          },
          "sensitive_attributes": [],
          "private": "bnVsbA==",
          "dependencies": [
            "module.ecs_service.data.aws_caller_identity.current",
            "module.ecs_service.data.aws_iam_policy_document.tasks_assume",
            "module.ecs_service.data.aws_partition.current",
            "module.ecs_service.data.aws_region.current"
          ],
          "create_before_destroy": true
        }
      ]
    },
    {
      "module": "module.ecs_service",
      "mode": "managed",
      "type": "aws_iam_role_policy",
      "name": "tasks",
      "provider": "provider[\"registry.terraform.io/hashicorp/aws\"]",
      "instances": [
        {
          "index_key": 0,
          "schema_version": 0,
          "attributes": {
            "id": "ex-fargate-20240903202326619700000006:ex-fargate-20240903202327384900000008",
            "name": "ex-fargate-20240903202327384900000008",
            "name_prefix": "ex-fargate-",
            "policy": "{\"Version\":\"2012-10-17\",\"Statement\":[{\"Action\":[\"ssmmessages:OpenDataChannel\",\"ssmmessages:OpenControlChannel\",\"ssmmessages:CreateDataChannel\",\"ssmmessages:CreateControlChannel\"],\"Effect\":\"Allow\",\"Resource\":\"*\",\"Sid\":\"ECSExec\"}]}",
            "role": "ex-fargate-20240903202326619700000006"
          },
          "sensitive_attributes": [],
          "private": "bnVsbA==",
          "dependencies": [
            "module.ecs_service.aws_iam_role.tasks",
            "module.ecs_service.data.aws_caller_identity.current",
            "module.ecs_service.data.aws_iam_policy_document.tasks",
            "module.ecs_service.data.aws_iam_policy_document.tasks_assume",
            "module.ecs_service.data.aws_partition.current",
            "module.ecs_service.data.aws_region.current"
          ]
        }
      ]
    },
    {
      "module": "module.ecs_service",
      "mode": "managed",
      "type": "aws_iam_role_policy_attachment",
      "name": "task_exec",
      "provider": "provider[\"registry.terraform.io/hashicorp/aws\"]",
      "instances": [
        {
          "index_key": 0,
          "schema_version": 0,
          "attributes": {
            "id": "ex-fargate-20240903202326608300000003-20240903202327513500000009",
            "policy_arn": "arn:aws:iam::654654502416:policy/ex-fargate-20240903202326619700000007",
            "role": "ex-fargate-20240903202326608300000003"
          },
          "sensitive_attributes": [],
          "private": "bnVsbA==",
          "dependencies": [
            "module.ecs_service.aws_iam_policy.task_exec",
            "module.ecs_service.aws_iam_role.task_exec",
            "module.ecs_service.data.aws_iam_policy_document.task_exec",
            "module.ecs_service.data.aws_iam_policy_document.task_exec_assume"
          ],
          "create_before_destroy": true
        }
      ]
    },
    {
      "module": "module.ecs_service",
      "mode": "managed",
      "type": "aws_security_group",
      "name": "this",
      "provider": "provider[\"registry.terraform.io/hashicorp/aws\"]",
      "instances": [
        {
          "index_key": 0,
          "schema_version": 1,
          "attributes": {
            "arn": "arn:aws:ec2:us-east-1:654654502416:security-group/sg-0bda446d39e588f0b",
            "description": "Managed by Terraform",
            "egress": [
              {
                "cidr_blocks": [
                  "0.0.0.0/0"
                ],
                "description": "",
                "from_port": 0,
                "ipv6_cidr_blocks": [],
                "prefix_list_ids": [],
                "protocol": "-1",
                "security_groups": [],
                "self": false,
                "to_port": 0
              }
            ],
            "id": "sg-0bda446d39e588f0b",
            "ingress": [
              {
                "cidr_blocks": [],
                "description": "Service port",
                "from_port": 3000,
                "ipv6_cidr_blocks": [],
                "prefix_list_ids": [],
                "protocol": "tcp",
                "security_groups": [
                  "sg-0230dda020db51748"
                ],
                "self": false,
                "to_port": 3000
              }
            ],
            "name": "ex-fargate-20240903202341547100000011",
            "name_prefix": "ex-fargate-",
            "owner_id": "654654502416",
            "revoke_rules_on_delete": false,
            "tags": {
              "Example": "ex-fargate",
              "Name": "ex-fargate",
              "Repository": "https://github.com/terraform-aws-modules/terraform-aws-ecs"
            },
            "tags_all": {
              "Example": "ex-fargate",
              "Name": "ex-fargate",
              "Repository": "https://github.com/terraform-aws-modules/terraform-aws-ecs"
            },
            "timeouts": null,
            "vpc_id": "vpc-0b7f5658d14b4a00d"
          },
          "sensitive_attributes": [],
          "private": "eyJlMmJmYjczMC1lY2FhLTExZTYtOGY4OC0zNDM2M2JjN2M0YzAiOnsiY3JlYXRlIjo2MDAwMDAwMDAwMDAsImRlbGV0ZSI6OTAwMDAwMDAwMDAwfSwic2NoZW1hX3ZlcnNpb24iOiIxIn0=",
          "dependencies": [
            "data.aws_availability_zones.available",
            "module.ecs_service.data.aws_subnet.this",
            "module.vpc.aws_subnet.private",
            "module.vpc.aws_vpc.this",
            "module.vpc.aws_vpc_ipv4_cidr_block_association.this"
          ],
          "create_before_destroy": true
        }
      ]
    },
    {
      "module": "module.ecs_service",
      "mode": "managed",
      "type": "aws_security_group_rule",
      "name": "this",
      "provider": "provider[\"registry.terraform.io/hashicorp/aws\"]",
      "instances": [
        {
          "index_key": "alb_ingress_3000",
          "schema_version": 2,
          "attributes": {
            "cidr_blocks": null,
            "description": "Service port",
            "from_port": 3000,
            "id": "sgrule-2417307880",
            "ipv6_cidr_blocks": null,
            "prefix_list_ids": null,
            "protocol": "tcp",
            "security_group_id": "sg-0bda446d39e588f0b",
            "security_group_rule_id": "sgr-0d0f3fadb2c562e41",
            "self": false,
            "source_security_group_id": "sg-0230dda020db51748",
            "timeouts": null,
            "to_port": 3000,
            "type": "ingress"
          },
          "sensitive_attributes": [],
          "private": "eyJlMmJmYjczMC1lY2FhLTExZTYtOGY4OC0zNDM2M2JjN2M0YzAiOnsiY3JlYXRlIjozMDAwMDAwMDAwMDB9LCJzY2hlbWFfdmVyc2lvbiI6IjIifQ==",
          "dependencies": [
            "data.aws_availability_zones.available",
            "module.alb.aws_security_group.this",
            "module.ecs_service.aws_security_group.this",
            "module.ecs_service.data.aws_subnet.this",
            "module.vpc.aws_subnet.private",
            "module.vpc.aws_vpc.this",
            "module.vpc.aws_vpc_ipv4_cidr_block_association.this"
          ]
        },
        {
          "index_key": "egress_all",
          "schema_version": 2,
          "attributes": {
            "cidr_blocks": [
              "0.0.0.0/0"
            ],
            "description": null,
            "from_port": 0,
            "id": "sgrule-4182865581",
            "ipv6_cidr_blocks": null,
            "prefix_list_ids": null,
            "protocol": "-1",
            "security_group_id": "sg-0bda446d39e588f0b",
            "security_group_rule_id": "sgr-02ad049eada6999df",
            "self": false,
            "source_security_group_id": null,
            "timeouts": null,
            "to_port": 0,
            "type": "egress"
          },
          "sensitive_attributes": [],
          "private": "eyJlMmJmYjczMC1lY2FhLTExZTYtOGY4OC0zNDM2M2JjN2M0YzAiOnsiY3JlYXRlIjozMDAwMDAwMDAwMDB9LCJzY2hlbWFfdmVyc2lvbiI6IjIifQ==",
          "dependencies": [
            "data.aws_availability_zones.available",
            "module.alb.aws_security_group.this",
            "module.ecs_service.aws_security_group.this",
            "module.ecs_service.data.aws_subnet.this",
            "module.vpc.aws_subnet.private",
            "module.vpc.aws_vpc.this",
            "module.vpc.aws_vpc_ipv4_cidr_block_association.this"
          ]
        }
      ]
    },
    {
      "module": "module.ecs_service.module.container_definition[\"ecsdemo-frontend\"]",
      "mode": "data",
      "type": "aws_region",
      "name": "current",
      "provider": "provider[\"registry.terraform.io/hashicorp/aws\"]",
      "instances": [
        {
          "schema_version": 0,
          "attributes": {
            "description": "US East (N. Virginia)",
            "endpoint": "ec2.us-east-1.amazonaws.com",
            "id": "us-east-1",
            "name": "us-east-1"
          },
          "sensitive_attributes": []
        }
      ]
    },
    {
      "module": "module.ecs_service.module.container_definition[\"fluent-bit\"]",
      "mode": "data",
      "type": "aws_region",
      "name": "current",
      "provider": "provider[\"registry.terraform.io/hashicorp/aws\"]",
      "instances": [
        {
          "schema_version": 0,
          "attributes": {
            "description": "US East (N. Virginia)",
            "endpoint": "ec2.us-east-1.amazonaws.com",
            "id": "us-east-1",
            "name": "us-east-1"
          },
          "sensitive_attributes": []
        }
      ]
    },
    {
      "module": "module.ecs_service.module.container_definition[\"fluent-bit\"]",
      "mode": "managed",
      "type": "aws_cloudwatch_log_group",
      "name": "this",
      "provider": "provider[\"registry.terraform.io/hashicorp/aws\"]",
      "instances": [
        {
          "index_key": 0,
          "schema_version": 0,
          "attributes": {
            "arn": "arn:aws:logs:us-east-1:654654502416:log-group:/aws/ecs/ex-fargate/fluent-bit",
            "id": "/aws/ecs/ex-fargate/fluent-bit",
            "kms_key_id": "",
            "log_group_class": "STANDARD",
            "name": "/aws/ecs/ex-fargate/fluent-bit",
            "name_prefix": "",
            "retention_in_days": 14,
            "skip_destroy": false,
            "tags": {
              "Example": "ex-fargate",
              "Name": "ex-fargate",
              "Repository": "https://github.com/terraform-aws-modules/terraform-aws-ecs"
            },
            "tags_all": {
              "Example": "ex-fargate",
              "Name": "ex-fargate",
              "Repository": "https://github.com/terraform-aws-modules/terraform-aws-ecs"
            }
          },
          "sensitive_attributes": [],
          "private": "bnVsbA==",
          "dependencies": [
            "data.aws_ssm_parameter.fluentbit"
          ],
          "create_before_destroy": true
        }
      ]
    },
    {
      "module": "module.ecs_task_definition",
      "mode": "data",
      "type": "aws_caller_identity",
      "name": "current",
      "provider": "provider[\"registry.terraform.io/hashicorp/aws\"]",
      "instances": [
        {
          "schema_version": 0,
          "attributes": {
            "account_id": "654654502416",
            "arn": "arn:aws:iam::654654502416:root",
            "id": "654654502416",
            "user_id": "654654502416"
          },
          "sensitive_attributes": []
        }
      ]
    },
    {
      "module": "module.ecs_task_definition",
      "mode": "data",
      "type": "aws_ecs_task_definition",
      "name": "this",
      "provider": "provider[\"registry.terraform.io/hashicorp/aws\"]",
      "instances": [
        {
          "index_key": 0,
          "schema_version": 0,
          "attributes": {
            "arn": "arn:aws:ecs:us-east-1:654654502416:task-definition/ex-fargate-standalone:7",
            "arn_without_revision": "arn:aws:ecs:us-east-1:654654502416:task-definition/ex-fargate-standalone",
            "execution_role_arn": "arn:aws:iam::654654502416:role/ex-fargate-standalone-20240903202326607500000002",
            "family": "ex-fargate-standalone",
            "id": "arn:aws:ecs:us-east-1:654654502416:task-definition/ex-fargate-standalone:7",
            "network_mode": "awsvpc",
            "revision": 7,
            "status": "ACTIVE",
            "task_definition": "ex-fargate-standalone",
            "task_role_arn": "arn:aws:iam::654654502416:role/ex-fargate-standalone-20240903202326619700000005"
          },
          "sensitive_attributes": []
        }
      ]
    },
    {
      "module": "module.ecs_task_definition",
      "mode": "data",
      "type": "aws_iam_policy_document",
      "name": "task_exec",
      "provider": "provider[\"registry.terraform.io/hashicorp/aws\"]",
      "instances": [
        {
          "index_key": 0,
          "schema_version": 0,
          "attributes": {
            "id": "1415633931",
            "json": "{\n  \"Version\": \"2012-10-17\",\n  \"Statement\": [\n    {\n      \"Sid\": \"Logs\",\n      \"Effect\": \"Allow\",\n      \"Action\": [\n        \"logs:PutLogEvents\",\n        \"logs:CreateLogStream\"\n      ],\n      \"Resource\": \"*\"\n    },\n    {\n      \"Sid\": \"ECR\",\n      \"Effect\": \"Allow\",\n      \"Action\": [\n        \"ecr:GetDownloadUrlForLayer\",\n        \"ecr:GetAuthorizationToken\",\n        \"ecr:BatchGetImage\",\n        \"ecr:BatchCheckLayerAvailability\"\n      ],\n      \"Resource\": \"*\"\n    },\n    {\n      \"Sid\": \"GetSSMParams\",\n      \"Effect\": \"Allow\",\n      \"Action\": \"ssm:GetParameters\",\n      \"Resource\": \"arn:aws:ssm:*:*:parameter/*\"\n    },\n    {\n      \"Sid\": \"GetSecrets\",\n      \"Effect\": \"Allow\",\n      \"Action\": \"secretsmanager:GetSecretValue\",\n      \"Resource\": \"arn:aws:secretsmanager:*:*:secret:*\"\n    }\n  ]\n}",
            "minified_json": "{\"Version\":\"2012-10-17\",\"Statement\":[{\"Sid\":\"Logs\",\"Effect\":\"Allow\",\"Action\":[\"logs:PutLogEvents\",\"logs:CreateLogStream\"],\"Resource\":\"*\"},{\"Sid\":\"ECR\",\"Effect\":\"Allow\",\"Action\":[\"ecr:GetDownloadUrlForLayer\",\"ecr:GetAuthorizationToken\",\"ecr:BatchGetImage\",\"ecr:BatchCheckLayerAvailability\"],\"Resource\":\"*\"},{\"Sid\":\"GetSSMParams\",\"Effect\":\"Allow\",\"Action\":\"ssm:GetParameters\",\"Resource\":\"arn:aws:ssm:*:*:parameter/*\"},{\"Sid\":\"GetSecrets\",\"Effect\":\"Allow\",\"Action\":\"secretsmanager:GetSecretValue\",\"Resource\":\"arn:aws:secretsmanager:*:*:secret:*\"}]}",
            "override_json": null,
            "override_policy_documents": null,
            "policy_id": null,
            "source_json": null,
            "source_policy_documents": null,
            "statement": [
              {
                "actions": [
                  "logs:CreateLogStream",
                  "logs:PutLogEvents"
                ],
                "condition": [],
                "effect": "Allow",
                "not_actions": [],
                "not_principals": [],
                "not_resources": [],
                "principals": [],
                "resources": [
                  "*"
                ],
                "sid": "Logs"
              },
              {
                "actions": [
                  "ecr:BatchCheckLayerAvailability",
                  "ecr:BatchGetImage",
                  "ecr:GetAuthorizationToken",
                  "ecr:GetDownloadUrlForLayer"
                ],
                "condition": [],
                "effect": "Allow",
                "not_actions": [],
                "not_principals": [],
                "not_resources": [],
                "principals": [],
                "resources": [
                  "*"
                ],
                "sid": "ECR"
              },
              {
                "actions": [
                  "ssm:GetParameters"
                ],
                "condition": [],
                "effect": "Allow",
                "not_actions": [],
                "not_principals": [],
                "not_resources": [],
                "principals": [],
                "resources": [
                  "arn:aws:ssm:*:*:parameter/*"
                ],
                "sid": "GetSSMParams"
              },
              {
                "actions": [
                  "secretsmanager:GetSecretValue"
                ],
                "condition": [],
                "effect": "Allow",
                "not_actions": [],
                "not_principals": [],
                "not_resources": [],
                "principals": [],
                "resources": [
                  "arn:aws:secretsmanager:*:*:secret:*"
                ],
                "sid": "GetSecrets"
              }
            ],
            "version": "2012-10-17"
          },
          "sensitive_attributes": []
        }
      ]
    },
    {
      "module": "module.ecs_task_definition",
      "mode": "data",
      "type": "aws_iam_policy_document",
      "name": "task_exec_assume",
      "provider": "provider[\"registry.terraform.io/hashicorp/aws\"]",
      "instances": [
        {
          "index_key": 0,
          "schema_version": 0,
          "attributes": {
            "id": "2291109037",
            "json": "{\n  \"Version\": \"2012-10-17\",\n  \"Statement\": [\n    {\n      \"Sid\": \"ECSTaskExecutionAssumeRole\",\n      \"Effect\": \"Allow\",\n      \"Action\": \"sts:AssumeRole\",\n      \"Principal\": {\n        \"Service\": \"ecs-tasks.amazonaws.com\"\n      }\n    }\n  ]\n}",
            "minified_json": "{\"Version\":\"2012-10-17\",\"Statement\":[{\"Sid\":\"ECSTaskExecutionAssumeRole\",\"Effect\":\"Allow\",\"Action\":\"sts:AssumeRole\",\"Principal\":{\"Service\":\"ecs-tasks.amazonaws.com\"}}]}",
            "override_json": null,
            "override_policy_documents": null,
            "policy_id": null,
            "source_json": null,
            "source_policy_documents": null,
            "statement": [
              {
                "actions": [
                  "sts:AssumeRole"
                ],
                "condition": [],
                "effect": "Allow",
                "not_actions": [],
                "not_principals": [],
                "not_resources": [],
                "principals": [
                  {
                    "identifiers": [
                      "ecs-tasks.amazonaws.com"
                    ],
                    "type": "Service"
                  }
                ],
                "resources": [],
                "sid": "ECSTaskExecutionAssumeRole"
              }
            ],
            "version": "2012-10-17"
          },
          "sensitive_attributes": []
        }
      ]
    },
    {
      "module": "module.ecs_task_definition",
      "mode": "data",
      "type": "aws_iam_policy_document",
      "name": "tasks_assume",
      "provider": "provider[\"registry.terraform.io/hashicorp/aws\"]",
      "instances": [
        {
          "index_key": 0,
          "schema_version": 0,
          "attributes": {
            "id": "2380844839",
            "json": "{\n  \"Version\": \"2012-10-17\",\n  \"Statement\": [\n    {\n      \"Sid\": \"ECSTasksAssumeRole\",\n      \"Effect\": \"Allow\",\n      \"Action\": \"sts:AssumeRole\",\n      \"Principal\": {\n        \"Service\": \"ecs-tasks.amazonaws.com\"\n      },\n      \"Condition\": {\n        \"ArnLike\": {\n          \"aws:SourceArn\": \"arn:aws:ecs:us-east-1:654654502416:*\"\n        },\n        \"StringEquals\": {\n          \"aws:SourceAccount\": \"654654502416\"\n        }\n      }\n    }\n  ]\n}",
            "minified_json": "{\"Version\":\"2012-10-17\",\"Statement\":[{\"Sid\":\"ECSTasksAssumeRole\",\"Effect\":\"Allow\",\"Action\":\"sts:AssumeRole\",\"Principal\":{\"Service\":\"ecs-tasks.amazonaws.com\"},\"Condition\":{\"ArnLike\":{\"aws:SourceArn\":\"arn:aws:ecs:us-east-1:654654502416:*\"},\"StringEquals\":{\"aws:SourceAccount\":\"654654502416\"}}}]}",
            "override_json": null,
            "override_policy_documents": null,
            "policy_id": null,
            "source_json": null,
            "source_policy_documents": null,
            "statement": [
              {
                "actions": [
                  "sts:AssumeRole"
                ],
                "condition": [
                  {
                    "test": "ArnLike",
                    "values": [
                      "arn:aws:ecs:us-east-1:654654502416:*"
                    ],
                    "variable": "aws:SourceArn"
                  },
                  {
                    "test": "StringEquals",
                    "values": [
                      "654654502416"
                    ],
                    "variable": "aws:SourceAccount"
                  }
                ],
                "effect": "Allow",
                "not_actions": [],
                "not_principals": [],
                "not_resources": [],
                "principals": [
                  {
                    "identifiers": [
                      "ecs-tasks.amazonaws.com"
                    ],
                    "type": "Service"
                  }
                ],
                "resources": [],
                "sid": "ECSTasksAssumeRole"
              }
            ],
            "version": "2012-10-17"
          },
          "sensitive_attributes": []
        }
      ]
    },
    {
      "module": "module.ecs_task_definition",
      "mode": "data",
      "type": "aws_partition",
      "name": "current",
      "provider": "provider[\"registry.terraform.io/hashicorp/aws\"]",
      "instances": [
        {
          "schema_version": 0,
          "attributes": {
            "dns_suffix": "amazonaws.com",
            "id": "aws",
            "partition": "aws",
            "reverse_dns_prefix": "com.amazonaws"
          },
          "sensitive_attributes": []
        }
      ]
    },
    {
      "module": "module.ecs_task_definition",
      "mode": "data",
      "type": "aws_region",
      "name": "current",
      "provider": "provider[\"registry.terraform.io/hashicorp/aws\"]",
      "instances": [
        {
          "schema_version": 0,
          "attributes": {
            "description": "US East (N. Virginia)",
            "endpoint": "ec2.us-east-1.amazonaws.com",
            "id": "us-east-1",
            "name": "us-east-1"
          },
          "sensitive_attributes": []
        }
      ]
    },
    {
      "module": "module.ecs_task_definition",
      "mode": "data",
      "type": "aws_subnet",
      "name": "this",
      "provider": "provider[\"registry.terraform.io/hashicorp/aws\"]",
      "instances": [
        {
          "index_key": 0,
          "schema_version": 0,
          "attributes": {
            "arn": "arn:aws:ec2:us-east-1:654654502416:subnet/subnet-0282d7a0e3937a655",
            "assign_ipv6_address_on_creation": false,
            "availability_zone": "us-east-1a",
            "availability_zone_id": "use1-az6",
            "available_ip_address_count": 4090,
            "cidr_block": "10.0.0.0/20",
            "customer_owned_ipv4_pool": "",
            "default_for_az": false,
            "enable_dns64": false,
            "enable_lni_at_device_index": 0,
            "enable_resource_name_dns_a_record_on_launch": false,
            "enable_resource_name_dns_aaaa_record_on_launch": false,
            "filter": null,
            "id": "subnet-0282d7a0e3937a655",
            "ipv6_cidr_block": "",
            "ipv6_cidr_block_association_id": "",
            "ipv6_native": false,
            "map_customer_owned_ip_on_launch": false,
            "map_public_ip_on_launch": false,
            "outpost_arn": "",
            "owner_id": "654654502416",
            "private_dns_hostname_type_on_launch": "ip-name",
            "state": "available",
            "tags": {
              "Example": "ex-fargate",
              "Name": "ex-fargate",
              "Repository": "https://github.com/terraform-aws-modules/terraform-aws-ecs"
            },
            "timeouts": null,
            "vpc_id": "vpc-0b7f5658d14b4a00d"
          },
          "sensitive_attributes": []
        }
      ]
    },
    {
      "module": "module.ecs_task_definition",
      "mode": "managed",
      "type": "aws_appautoscaling_policy",
      "name": "this",
      "provider": "provider[\"registry.terraform.io/hashicorp/aws\"]",
      "instances": [
        {
          "index_key": "cpu",
          "schema_version": 0,
          "attributes": {
            "alarm_arns": [
              "arn:aws:cloudwatch:us-east-1:654654502416:alarm:TargetTracking-service/ex-fargate/ex-fargate-standalone-AlarmHigh-6f833d2b-28e4-499c-9b37-0eae331c48f9",
              "arn:aws:cloudwatch:us-east-1:654654502416:alarm:TargetTracking-service/ex-fargate/ex-fargate-standalone-AlarmLow-640d23ae-f18f-4a2a-a39c-f2f0093f86a0"
            ],
            "arn": "arn:aws:autoscaling:us-east-1:654654502416:scalingPolicy:d9a61790-103b-498a-a9ef-9e6ed2445049:resource/ecs/service/ex-fargate/ex-fargate-standalone:policyName/cpu",
            "id": "cpu",
            "name": "cpu",
            "policy_type": "TargetTrackingScaling",
            "resource_id": "service/ex-fargate/ex-fargate-standalone",
            "scalable_dimension": "ecs:service:DesiredCount",
            "service_namespace": "ecs",
            "step_scaling_policy_configuration": [],
            "target_tracking_scaling_policy_configuration": [
              {
                "customized_metric_specification": [],
                "disable_scale_in": false,
                "predefined_metric_specification": [
                  {
                    "predefined_metric_type": "ECSServiceAverageCPUUtilization",
                    "resource_label": ""
                  }
                ],
                "scale_in_cooldown": 300,
                "scale_out_cooldown": 60,
                "target_value": 75
              }
            ]
          },
          "sensitive_attributes": [],
          "private": "bnVsbA==",
          "dependencies": [
            "data.aws_availability_zones.available",
            "module.ecs_cluster.aws_cloudwatch_log_group.this",
            "module.ecs_cluster.aws_ecs_cluster.this",
            "module.ecs_task_definition.aws_appautoscaling_target.this",
            "module.ecs_task_definition.aws_ecs_service.ignore_task_definition",
            "module.ecs_task_definition.aws_ecs_service.this",
            "module.ecs_task_definition.aws_ecs_task_definition.this",
            "module.ecs_task_definition.aws_iam_policy.service",
            "module.ecs_task_definition.aws_iam_policy.task_exec",
            "module.ecs_task_definition.aws_iam_role.service",
            "module.ecs_task_definition.aws_iam_role.task_exec",
            "module.ecs_task_definition.aws_iam_role.tasks",
            "module.ecs_task_definition.aws_iam_role_policy_attachment.service",
            "module.ecs_task_definition.aws_iam_role_policy_attachment.task_exec",
            "module.ecs_task_definition.aws_iam_role_policy_attachment.task_exec_additional",
            "module.ecs_task_definition.aws_iam_role_policy_attachment.tasks",
            "module.ecs_task_definition.aws_security_group.this",
            "module.ecs_task_definition.data.aws_caller_identity.current",
            "module.ecs_task_definition.data.aws_ecs_task_definition.this",
            "module.ecs_task_definition.data.aws_iam_policy_document.service",
            "module.ecs_task_definition.data.aws_iam_policy_document.service_assume",
            "module.ecs_task_definition.data.aws_iam_policy_document.task_exec",
            "module.ecs_task_definition.data.aws_iam_policy_document.task_exec_assume",
            "module.ecs_task_definition.data.aws_iam_policy_document.tasks_assume",
            "module.ecs_task_definition.data.aws_partition.current",
            "module.ecs_task_definition.data.aws_region.current",
            "module.ecs_task_definition.data.aws_subnet.this",
            "module.ecs_task_definition.module.container_definition.aws_cloudwatch_log_group.this",
            "module.ecs_task_definition.module.container_definition.data.aws_region.current",
            "module.vpc.aws_subnet.private",
            "module.vpc.aws_vpc.this",
            "module.vpc.aws_vpc_ipv4_cidr_block_association.this"
          ]
        },
        {
          "index_key": "memory",
          "schema_version": 0,
          "attributes": {
            "alarm_arns": [
              "arn:aws:cloudwatch:us-east-1:654654502416:alarm:TargetTracking-service/ex-fargate/ex-fargate-standalone-AlarmHigh-cff2e381-4384-4f42-a29a-c19b3644f280",
              "arn:aws:cloudwatch:us-east-1:654654502416:alarm:TargetTracking-service/ex-fargate/ex-fargate-standalone-AlarmLow-aa762798-c2bb-4356-970c-2b90444efed8"
            ],
            "arn": "arn:aws:autoscaling:us-east-1:654654502416:scalingPolicy:d9a61790-103b-498a-a9ef-9e6ed2445049:resource/ecs/service/ex-fargate/ex-fargate-standalone:policyName/memory",
            "id": "memory",
            "name": "memory",
            "policy_type": "TargetTrackingScaling",
            "resource_id": "service/ex-fargate/ex-fargate-standalone",
            "scalable_dimension": "ecs:service:DesiredCount",
            "service_namespace": "ecs",
            "step_scaling_policy_configuration": [],
            "target_tracking_scaling_policy_configuration": [
              {
                "customized_metric_specification": [],
                "disable_scale_in": false,
                "predefined_metric_specification": [
                  {
                    "predefined_metric_type": "ECSServiceAverageMemoryUtilization",
                    "resource_label": ""
                  }
                ],
                "scale_in_cooldown": 300,
                "scale_out_cooldown": 60,
                "target_value": 75
              }
            ]
          },
          "sensitive_attributes": [],
          "private": "bnVsbA==",
          "dependencies": [
            "data.aws_availability_zones.available",
            "module.ecs_cluster.aws_cloudwatch_log_group.this",
            "module.ecs_cluster.aws_ecs_cluster.this",
            "module.ecs_task_definition.aws_appautoscaling_target.this",
            "module.ecs_task_definition.aws_ecs_service.ignore_task_definition",
            "module.ecs_task_definition.aws_ecs_service.this",
            "module.ecs_task_definition.aws_ecs_task_definition.this",
            "module.ecs_task_definition.aws_iam_policy.service",
            "module.ecs_task_definition.aws_iam_policy.task_exec",
            "module.ecs_task_definition.aws_iam_role.service",
            "module.ecs_task_definition.aws_iam_role.task_exec",
            "module.ecs_task_definition.aws_iam_role.tasks",
            "module.ecs_task_definition.aws_iam_role_policy_attachment.service",
            "module.ecs_task_definition.aws_iam_role_policy_attachment.task_exec",
            "module.ecs_task_definition.aws_iam_role_policy_attachment.task_exec_additional",
            "module.ecs_task_definition.aws_iam_role_policy_attachment.tasks",
            "module.ecs_task_definition.aws_security_group.this",
            "module.ecs_task_definition.data.aws_caller_identity.current",
            "module.ecs_task_definition.data.aws_ecs_task_definition.this",
            "module.ecs_task_definition.data.aws_iam_policy_document.service",
            "module.ecs_task_definition.data.aws_iam_policy_document.service_assume",
            "module.ecs_task_definition.data.aws_iam_policy_document.task_exec",
            "module.ecs_task_definition.data.aws_iam_policy_document.task_exec_assume",
            "module.ecs_task_definition.data.aws_iam_policy_document.tasks_assume",
            "module.ecs_task_definition.data.aws_partition.current",
            "module.ecs_task_definition.data.aws_region.current",
            "module.ecs_task_definition.data.aws_subnet.this",
            "module.ecs_task_definition.module.container_definition.aws_cloudwatch_log_group.this",
            "module.ecs_task_definition.module.container_definition.data.aws_region.current",
            "module.vpc.aws_subnet.private",
            "module.vpc.aws_vpc.this",
            "module.vpc.aws_vpc_ipv4_cidr_block_association.this"
          ]
        }
      ]
    },
    {
      "module": "module.ecs_task_definition",
      "mode": "managed",
      "type": "aws_appautoscaling_target",
      "name": "this",
      "provider": "provider[\"registry.terraform.io/hashicorp/aws\"]",
      "instances": [
        {
          "index_key": 0,
          "schema_version": 0,
          "attributes": {
            "arn": "arn:aws:application-autoscaling:us-east-1:654654502416:scalable-target/0ec5d9a61790103b498aa9ef9e6ed2445049",
            "id": "service/ex-fargate/ex-fargate-standalone",
            "max_capacity": 10,
            "min_capacity": 1,
            "resource_id": "service/ex-fargate/ex-fargate-standalone",
            "role_arn": "arn:aws:iam::654654502416:role/aws-service-role/ecs.application-autoscaling.amazonaws.com/AWSServiceRoleForApplicationAutoScaling_ECSService",
            "scalable_dimension": "ecs:service:DesiredCount",
            "service_namespace": "ecs",
            "tags": {
              "Example": "ex-fargate",
              "Name": "ex-fargate",
              "Repository": "https://github.com/terraform-aws-modules/terraform-aws-ecs"
            },
            "tags_all": {
              "Example": "ex-fargate",
              "Name": "ex-fargate",
              "Repository": "https://github.com/terraform-aws-modules/terraform-aws-ecs"
            }
          },
          "sensitive_attributes": [],
          "private": "bnVsbA==",
          "dependencies": [
            "data.aws_availability_zones.available",
            "module.ecs_cluster.aws_cloudwatch_log_group.this",
            "module.ecs_cluster.aws_ecs_cluster.this",
            "module.ecs_task_definition.aws_ecs_service.ignore_task_definition",
            "module.ecs_task_definition.aws_ecs_service.this",
            "module.ecs_task_definition.aws_ecs_task_definition.this",
            "module.ecs_task_definition.aws_iam_policy.service",
            "module.ecs_task_definition.aws_iam_policy.task_exec",
            "module.ecs_task_definition.aws_iam_role.service",
            "module.ecs_task_definition.aws_iam_role.task_exec",
            "module.ecs_task_definition.aws_iam_role.tasks",
            "module.ecs_task_definition.aws_iam_role_policy_attachment.service",
            "module.ecs_task_definition.aws_iam_role_policy_attachment.task_exec",
            "module.ecs_task_definition.aws_iam_role_policy_attachment.task_exec_additional",
            "module.ecs_task_definition.aws_iam_role_policy_attachment.tasks",
            "module.ecs_task_definition.aws_security_group.this",
            "module.ecs_task_definition.data.aws_caller_identity.current",
            "module.ecs_task_definition.data.aws_ecs_task_definition.this",
            "module.ecs_task_definition.data.aws_iam_policy_document.service",
            "module.ecs_task_definition.data.aws_iam_policy_document.service_assume",
            "module.ecs_task_definition.data.aws_iam_policy_document.task_exec",
            "module.ecs_task_definition.data.aws_iam_policy_document.task_exec_assume",
            "module.ecs_task_definition.data.aws_iam_policy_document.tasks_assume",
            "module.ecs_task_definition.data.aws_partition.current",
            "module.ecs_task_definition.data.aws_region.current",
            "module.ecs_task_definition.data.aws_subnet.this",
            "module.ecs_task_definition.module.container_definition.aws_cloudwatch_log_group.this",
            "module.ecs_task_definition.module.container_definition.data.aws_region.current",
            "module.vpc.aws_subnet.private",
            "module.vpc.aws_vpc.this",
            "module.vpc.aws_vpc_ipv4_cidr_block_association.this"
          ]
        }
      ]
    },
    {
      "module": "module.ecs_task_definition",
      "mode": "managed",
      "type": "aws_ecs_service",
      "name": "this",
      "provider": "provider[\"registry.terraform.io/hashicorp/aws\"]",
      "instances": [
        {
          "index_key": 0,
          "schema_version": 1,
          "attributes": {
            "alarms": [],
            "capacity_provider_strategy": [],
            "cluster": "arn:aws:ecs:us-east-1:654654502416:cluster/ex-fargate",
            "deployment_circuit_breaker": [
              {
                "enable": false,
                "rollback": false
              }
            ],
            "deployment_controller": [
              {
                "type": "ECS"
              }
            ],
            "deployment_maximum_percent": 200,
            "deployment_minimum_healthy_percent": 66,
            "desired_count": 1,
            "enable_ecs_managed_tags": true,
            "enable_execute_command": false,
            "force_delete": null,
            "force_new_deployment": true,
            "health_check_grace_period_seconds": 0,
            "iam_role": "/aws-service-role/ecs.amazonaws.com/AWSServiceRoleForECS",
            "id": "arn:aws:ecs:us-east-1:654654502416:service/ex-fargate/ex-fargate-standalone",
            "launch_type": "FARGATE",
            "load_balancer": [],
            "name": "ex-fargate-standalone",
            "network_configuration": [
              {
                "assign_public_ip": false,
                "security_groups": [
                  "sg-03c6ba259a36af401"
                ],
                "subnets": [
                  "subnet-0282d7a0e3937a655",
                  "subnet-038919cc4d6c31614"
                ]
              }
            ],
            "ordered_placement_strategy": [],
            "placement_constraints": [],
            "platform_version": "LATEST",
            "propagate_tags": "NONE",
            "scheduling_strategy": "REPLICA",
            "service_connect_configuration": [],
            "service_registries": [],
            "tags": {
              "Example": "ex-fargate",
              "Name": "ex-fargate",
              "Repository": "https://github.com/terraform-aws-modules/terraform-aws-ecs"
            },
            "tags_all": {
              "Example": "ex-fargate",
              "Name": "ex-fargate",
              "Repository": "https://github.com/terraform-aws-modules/terraform-aws-ecs"
            },
            "task_definition": "ex-fargate-standalone:7",
            "timeouts": {
              "create": null,
              "delete": null,
              "update": null
            },
            "triggers": {},
            "volume_configuration": [],
            "wait_for_steady_state": false
          },
          "sensitive_attributes": [],
          "private": "eyJlMmJmYjczMC1lY2FhLTExZTYtOGY4OC0zNDM2M2JjN2M0YzAiOnsiY3JlYXRlIjoxMjAwMDAwMDAwMDAwLCJkZWxldGUiOjEyMDAwMDAwMDAwMDAsInVwZGF0ZSI6MTIwMDAwMDAwMDAwMH0sInNjaGVtYV92ZXJzaW9uIjoiMSJ9",
          "dependencies": [
            "data.aws_availability_zones.available",
            "module.ecs_cluster.aws_cloudwatch_log_group.this",
            "module.ecs_cluster.aws_ecs_cluster.this",
            "module.ecs_task_definition.aws_ecs_task_definition.this",
            "module.ecs_task_definition.aws_iam_policy.service",
            "module.ecs_task_definition.aws_iam_policy.task_exec",
            "module.ecs_task_definition.aws_iam_role.service",
            "module.ecs_task_definition.aws_iam_role.task_exec",
            "module.ecs_task_definition.aws_iam_role.tasks",
            "module.ecs_task_definition.aws_iam_role_policy_attachment.service",
            "module.ecs_task_definition.aws_iam_role_policy_attachment.task_exec",
            "module.ecs_task_definition.aws_iam_role_policy_attachment.task_exec_additional",
            "module.ecs_task_definition.aws_iam_role_policy_attachment.tasks",
            "module.ecs_task_definition.aws_security_group.this",
            "module.ecs_task_definition.data.aws_caller_identity.current",
            "module.ecs_task_definition.data.aws_ecs_task_definition.this",
            "module.ecs_task_definition.data.aws_iam_policy_document.service",
            "module.ecs_task_definition.data.aws_iam_policy_document.service_assume",
            "module.ecs_task_definition.data.aws_iam_policy_document.task_exec",
            "module.ecs_task_definition.data.aws_iam_policy_document.task_exec_assume",
            "module.ecs_task_definition.data.aws_iam_policy_document.tasks_assume",
            "module.ecs_task_definition.data.aws_partition.current",
            "module.ecs_task_definition.data.aws_region.current",
            "module.ecs_task_definition.data.aws_subnet.this",
            "module.ecs_task_definition.module.container_definition.aws_cloudwatch_log_group.this",
            "module.ecs_task_definition.module.container_definition.data.aws_region.current",
            "module.vpc.aws_subnet.private",
            "module.vpc.aws_vpc.this",
            "module.vpc.aws_vpc_ipv4_cidr_block_association.this"
          ]
        }
      ]
    },
    {
      "module": "module.ecs_task_definition",
      "mode": "managed",
      "type": "aws_ecs_task_definition",
      "name": "this",
      "provider": "provider[\"registry.terraform.io/hashicorp/aws\"]",
      "instances": [
        {
          "index_key": 0,
          "schema_version": 1,
          "attributes": {
            "arn": "arn:aws:ecs:us-east-1:654654502416:task-definition/ex-fargate-standalone:7",
            "arn_without_revision": "arn:aws:ecs:us-east-1:654654502416:task-definition/ex-fargate-standalone",
            "container_definitions": "[{\"command\":[\"echo hello world\"],\"entryPoint\":[\"/usr/bin/sh\",\"-c\"],\"environment\":[],\"essential\":true,\"image\":\"public.ecr.aws/amazonlinux/amazonlinux:2023-minimal\",\"interactive\":false,\"linuxParameters\":{\"initProcessEnabled\":false},\"logConfiguration\":{\"logDriver\":\"awslogs\",\"options\":{\"awslogs-group\":\"/aws/ecs/ex-fargate-standalone/al2023\",\"awslogs-region\":\"us-east-1\",\"awslogs-stream-prefix\":\"ecs\"}},\"mountPoints\":[{\"containerPath\":\"/var/www/ex-vol\",\"sourceVolume\":\"ex-vol\"}],\"name\":\"al2023\",\"portMappings\":[],\"privileged\":false,\"pseudoTerminal\":false,\"readonlyRootFilesystem\":true,\"startTimeout\":30,\"stopTimeout\":120,\"systemControls\":[],\"user\":\"0\",\"volumesFrom\":[]}]",
            "cpu": "1024",
            "ephemeral_storage": [],
            "execution_role_arn": "arn:aws:iam::654654502416:role/ex-fargate-standalone-20240903202326607500000002",
            "family": "ex-fargate-standalone",
            "id": "ex-fargate-standalone",
            "inference_accelerator": [],
            "ipc_mode": "",
            "memory": "2048",
            "network_mode": "awsvpc",
            "pid_mode": "",
            "placement_constraints": [],
            "proxy_configuration": [],
            "requires_compatibilities": [
              "FARGATE"
            ],
            "revision": 7,
            "runtime_platform": [
              {
                "cpu_architecture": "ARM64",
                "operating_system_family": "LINUX"
              }
            ],
            "skip_destroy": false,
            "tags": {
              "Example": "ex-fargate",
              "Name": "ex-fargate",
              "Repository": "https://github.com/terraform-aws-modules/terraform-aws-ecs"
            },
            "tags_all": {
              "Example": "ex-fargate",
              "Name": "ex-fargate",
              "Repository": "https://github.com/terraform-aws-modules/terraform-aws-ecs"
            },
            "task_role_arn": "arn:aws:iam::654654502416:role/ex-fargate-standalone-20240903202326619700000005",
            "track_latest": false,
            "volume": [
              {
                "configure_at_launch": false,
                "docker_volume_configuration": [],
                "efs_volume_configuration": [],
                "fsx_windows_file_server_volume_configuration": [],
                "host_path": "",
                "name": "ex-vol"
              }
            ]
          },
          "sensitive_attributes": [],
          "private": "eyJzY2hlbWFfdmVyc2lvbiI6IjEifQ==",
          "dependencies": [
            "module.ecs_task_definition.aws_iam_policy.task_exec",
            "module.ecs_task_definition.aws_iam_role.task_exec",
            "module.ecs_task_definition.aws_iam_role.tasks",
            "module.ecs_task_definition.aws_iam_role_policy_attachment.task_exec",
            "module.ecs_task_definition.aws_iam_role_policy_attachment.task_exec_additional",
            "module.ecs_task_definition.aws_iam_role_policy_attachment.tasks",
            "module.ecs_task_definition.data.aws_caller_identity.current",
            "module.ecs_task_definition.data.aws_iam_policy_document.task_exec",
            "module.ecs_task_definition.data.aws_iam_policy_document.task_exec_assume",
            "module.ecs_task_definition.data.aws_iam_policy_document.tasks_assume",
            "module.ecs_task_definition.data.aws_partition.current",
            "module.ecs_task_definition.data.aws_region.current",
            "module.ecs_task_definition.module.container_definition.aws_cloudwatch_log_group.this",
            "module.ecs_task_definition.module.container_definition.data.aws_region.current"
          ],
          "create_before_destroy": true
        }
      ]
    },
    {
      "module": "module.ecs_task_definition",
      "mode": "managed",
      "type": "aws_iam_policy",
      "name": "task_exec",
      "provider": "provider[\"registry.terraform.io/hashicorp/aws\"]",
      "instances": [
        {
          "index_key": 0,
          "schema_version": 0,
          "attributes": {
            "arn": "arn:aws:iam::654654502416:policy/ex-fargate-standalone-20240903202326608300000004",
            "attachment_count": 1,
            "description": "Task execution role IAM policy",
            "id": "arn:aws:iam::654654502416:policy/ex-fargate-standalone-20240903202326608300000004",
            "name": "ex-fargate-standalone-20240903202326608300000004",
            "name_prefix": "ex-fargate-standalone-",
            "path": "/",
            "policy": "{\"Statement\":[{\"Action\":[\"logs:PutLogEvents\",\"logs:CreateLogStream\"],\"Effect\":\"Allow\",\"Resource\":\"*\",\"Sid\":\"Logs\"},{\"Action\":[\"ecr:GetDownloadUrlForLayer\",\"ecr:GetAuthorizationToken\",\"ecr:BatchGetImage\",\"ecr:BatchCheckLayerAvailability\"],\"Effect\":\"Allow\",\"Resource\":\"*\",\"Sid\":\"ECR\"},{\"Action\":\"ssm:GetParameters\",\"Effect\":\"Allow\",\"Resource\":\"arn:aws:ssm:*:*:parameter/*\",\"Sid\":\"GetSSMParams\"},{\"Action\":\"secretsmanager:GetSecretValue\",\"Effect\":\"Allow\",\"Resource\":\"arn:aws:secretsmanager:*:*:secret:*\",\"Sid\":\"GetSecrets\"}],\"Version\":\"2012-10-17\"}",
            "policy_id": "ANPAZQ3DS6YICNLF2WJHT",
            "tags": {
              "Example": "ex-fargate",
              "Name": "ex-fargate",
              "Repository": "https://github.com/terraform-aws-modules/terraform-aws-ecs"
            },
            "tags_all": {
              "Example": "ex-fargate",
              "Name": "ex-fargate",
              "Repository": "https://github.com/terraform-aws-modules/terraform-aws-ecs"
            }
          },
          "sensitive_attributes": [],
          "private": "bnVsbA==",
          "dependencies": [
            "module.ecs_task_definition.data.aws_iam_policy_document.task_exec"
          ],
          "create_before_destroy": true
        }
      ]
    },
    {
      "module": "module.ecs_task_definition",
      "mode": "managed",
      "type": "aws_iam_role",
      "name": "task_exec",
      "provider": "provider[\"registry.terraform.io/hashicorp/aws\"]",
      "instances": [
        {
          "index_key": 0,
          "schema_version": 0,
          "attributes": {
            "arn": "arn:aws:iam::654654502416:role/ex-fargate-standalone-20240903202326607500000002",
            "assume_role_policy": "{\"Statement\":[{\"Action\":\"sts:AssumeRole\",\"Effect\":\"Allow\",\"Principal\":{\"Service\":\"ecs-tasks.amazonaws.com\"},\"Sid\":\"ECSTaskExecutionAssumeRole\"}],\"Version\":\"2012-10-17\"}",
            "create_date": "2024-09-03T20:23:27Z",
            "description": "Task execution role for ex-fargate-standalone",
            "force_detach_policies": true,
            "id": "ex-fargate-standalone-20240903202326607500000002",
            "inline_policy": [],
            "managed_policy_arns": [
              "arn:aws:iam::654654502416:policy/ex-fargate-standalone-20240903202326608300000004"
            ],
            "max_session_duration": 3600,
            "name": "ex-fargate-standalone-20240903202326607500000002",
            "name_prefix": "ex-fargate-standalone-",
            "path": "/",
            "permissions_boundary": "",
            "tags": {
              "Example": "ex-fargate",
              "Name": "ex-fargate",
              "Repository": "https://github.com/terraform-aws-modules/terraform-aws-ecs"
            },
            "tags_all": {
              "Example": "ex-fargate",
              "Name": "ex-fargate",
              "Repository": "https://github.com/terraform-aws-modules/terraform-aws-ecs"
            },
            "unique_id": "AROAZQ3DS6YIKUAILB5M7"
          },
          "sensitive_attributes": [],
          "private": "bnVsbA==",
          "dependencies": [
            "module.ecs_task_definition.data.aws_iam_policy_document.task_exec_assume"
          ],
          "create_before_destroy": true
        }
      ]
    },
    {
      "module": "module.ecs_task_definition",
      "mode": "managed",
      "type": "aws_iam_role",
      "name": "tasks",
      "provider": "provider[\"registry.terraform.io/hashicorp/aws\"]",
      "instances": [
        {
          "index_key": 0,
          "schema_version": 0,
          "attributes": {
            "arn": "arn:aws:iam::654654502416:role/ex-fargate-standalone-20240903202326619700000005",
            "assume_role_policy": "{\"Statement\":[{\"Action\":\"sts:AssumeRole\",\"Condition\":{\"ArnLike\":{\"aws:SourceArn\":\"arn:aws:ecs:us-east-1:654654502416:*\"},\"StringEquals\":{\"aws:SourceAccount\":\"654654502416\"}},\"Effect\":\"Allow\",\"Principal\":{\"Service\":\"ecs-tasks.amazonaws.com\"},\"Sid\":\"ECSTasksAssumeRole\"}],\"Version\":\"2012-10-17\"}",
            "create_date": "2024-09-03T20:23:27Z",
            "description": "",
            "force_detach_policies": true,
            "id": "ex-fargate-standalone-20240903202326619700000005",
            "inline_policy": [],
            "managed_policy_arns": [],
            "max_session_duration": 3600,
            "name": "ex-fargate-standalone-20240903202326619700000005",
            "name_prefix": "ex-fargate-standalone-",
            "path": "/",
            "permissions_boundary": "",
            "tags": {
              "Example": "ex-fargate",
              "Name": "ex-fargate",
              "Repository": "https://github.com/terraform-aws-modules/terraform-aws-ecs"
            },
            "tags_all": {
              "Example": "ex-fargate",
              "Name": "ex-fargate",
              "Repository": "https://github.com/terraform-aws-modules/terraform-aws-ecs"
            },
            "unique_id": "AROAZQ3DS6YIO5CB5R3HS"
          },
          "sensitive_attributes": [],
          "private": "bnVsbA==",
          "dependencies": [
            "module.ecs_task_definition.data.aws_caller_identity.current",
            "module.ecs_task_definition.data.aws_iam_policy_document.tasks_assume",
            "module.ecs_task_definition.data.aws_partition.current",
            "module.ecs_task_definition.data.aws_region.current"
          ],
          "create_before_destroy": true
        }
      ]
    },
    {
      "module": "module.ecs_task_definition",
      "mode": "managed",
      "type": "aws_iam_role_policy_attachment",
      "name": "task_exec",
      "provider": "provider[\"registry.terraform.io/hashicorp/aws\"]",
      "instances": [
        {
          "index_key": 0,
          "schema_version": 0,
          "attributes": {
            "id": "ex-fargate-standalone-20240903202326607500000002-2024090320232752090000000a",
            "policy_arn": "arn:aws:iam::654654502416:policy/ex-fargate-standalone-20240903202326608300000004",
            "role": "ex-fargate-standalone-20240903202326607500000002"
          },
          "sensitive_attributes": [],
          "private": "bnVsbA==",
          "dependencies": [
            "module.ecs_task_definition.aws_iam_policy.task_exec",
            "module.ecs_task_definition.aws_iam_role.task_exec",
            "module.ecs_task_definition.data.aws_iam_policy_document.task_exec",
            "module.ecs_task_definition.data.aws_iam_policy_document.task_exec_assume"
          ],
          "create_before_destroy": true
        }
      ]
    },
    {
      "module": "module.ecs_task_definition",
      "mode": "managed",
      "type": "aws_security_group",
      "name": "this",
      "provider": "provider[\"registry.terraform.io/hashicorp/aws\"]",
      "instances": [
        {
          "index_key": 0,
          "schema_version": 1,
          "attributes": {
            "arn": "arn:aws:ec2:us-east-1:654654502416:security-group/sg-03c6ba259a36af401",
            "description": "Managed by Terraform",
            "egress": [
              {
                "cidr_blocks": [
                  "0.0.0.0/0"
                ],
                "description": "",
                "from_port": 0,
                "ipv6_cidr_blocks": [],
                "prefix_list_ids": [],
                "protocol": "-1",
                "security_groups": [],
                "self": false,
                "to_port": 0
              }
            ],
            "id": "sg-03c6ba259a36af401",
            "ingress": [],
            "name": "ex-fargate-standalone-20240903202341547000000010",
            "name_prefix": "ex-fargate-standalone-",
            "owner_id": "654654502416",
            "revoke_rules_on_delete": false,
            "tags": {
              "Example": "ex-fargate",
              "Name": "ex-fargate-standalone",
              "Repository": "https://github.com/terraform-aws-modules/terraform-aws-ecs"
            },
            "tags_all": {
              "Example": "ex-fargate",
              "Name": "ex-fargate-standalone",
              "Repository": "https://github.com/terraform-aws-modules/terraform-aws-ecs"
            },
            "timeouts": null,
            "vpc_id": "vpc-0b7f5658d14b4a00d"
          },
          "sensitive_attributes": [],
          "private": "eyJlMmJmYjczMC1lY2FhLTExZTYtOGY4OC0zNDM2M2JjN2M0YzAiOnsiY3JlYXRlIjo2MDAwMDAwMDAwMDAsImRlbGV0ZSI6OTAwMDAwMDAwMDAwfSwic2NoZW1hX3ZlcnNpb24iOiIxIn0=",
          "dependencies": [
            "data.aws_availability_zones.available",
            "module.ecs_task_definition.data.aws_subnet.this",
            "module.vpc.aws_subnet.private",
            "module.vpc.aws_vpc.this",
            "module.vpc.aws_vpc_ipv4_cidr_block_association.this"
          ],
          "create_before_destroy": true
        }
      ]
    },
    {
      "module": "module.ecs_task_definition",
      "mode": "managed",
      "type": "aws_security_group_rule",
      "name": "this",
      "provider": "provider[\"registry.terraform.io/hashicorp/aws\"]",
      "instances": [
        {
          "index_key": "egress_all",
          "schema_version": 2,
          "attributes": {
            "cidr_blocks": [
              "0.0.0.0/0"
            ],
            "description": null,
            "from_port": 0,
            "id": "sgrule-3553770224",
            "ipv6_cidr_blocks": null,
            "prefix_list_ids": null,
            "protocol": "-1",
            "security_group_id": "sg-03c6ba259a36af401",
            "security_group_rule_id": "sgr-0d5d30608c7a8d2e9",
            "self": false,
            "source_security_group_id": null,
            "timeouts": null,
            "to_port": 0,
            "type": "egress"
          },
          "sensitive_attributes": [],
          "private": "eyJlMmJmYjczMC1lY2FhLTExZTYtOGY4OC0zNDM2M2JjN2M0YzAiOnsiY3JlYXRlIjozMDAwMDAwMDAwMDB9LCJzY2hlbWFfdmVyc2lvbiI6IjIifQ==",
          "dependencies": [
            "data.aws_availability_zones.available",
            "module.ecs_task_definition.aws_security_group.this",
            "module.ecs_task_definition.data.aws_subnet.this",
            "module.vpc.aws_subnet.private",
            "module.vpc.aws_vpc.this",
            "module.vpc.aws_vpc_ipv4_cidr_block_association.this"
          ]
        }
      ]
    },
    {
      "module": "module.ecs_task_definition.module.container_definition[\"al2023\"]",
      "mode": "data",
      "type": "aws_region",
      "name": "current",
      "provider": "provider[\"registry.terraform.io/hashicorp/aws\"]",
      "instances": [
        {
          "schema_version": 0,
          "attributes": {
            "description": "US East (N. Virginia)",
            "endpoint": "ec2.us-east-1.amazonaws.com",
            "id": "us-east-1",
            "name": "us-east-1"
          },
          "sensitive_attributes": []
        }
      ]
    },
    {
      "module": "module.ecs_task_definition.module.container_definition[\"al2023\"]",
      "mode": "managed",
      "type": "aws_cloudwatch_log_group",
      "name": "this",
      "provider": "provider[\"registry.terraform.io/hashicorp/aws\"]",
      "instances": [
        {
          "index_key": 0,
          "schema_version": 0,
          "attributes": {
            "arn": "arn:aws:logs:us-east-1:654654502416:log-group:/aws/ecs/ex-fargate-standalone/al2023",
            "id": "/aws/ecs/ex-fargate-standalone/al2023",
            "kms_key_id": "",
            "log_group_class": "STANDARD",
            "name": "/aws/ecs/ex-fargate-standalone/al2023",
            "name_prefix": "",
            "retention_in_days": 14,
            "skip_destroy": false,
            "tags": {
              "Example": "ex-fargate",
              "Name": "ex-fargate",
              "Repository": "https://github.com/terraform-aws-modules/terraform-aws-ecs"
            },
            "tags_all": {
              "Example": "ex-fargate",
              "Name": "ex-fargate",
              "Repository": "https://github.com/terraform-aws-modules/terraform-aws-ecs"
            }
          },
          "sensitive_attributes": [],
          "private": "bnVsbA==",
          "create_before_destroy": true
        }
      ]
    },
    {
      "module": "module.vpc",
      "mode": "managed",
      "type": "aws_default_network_acl",
      "name": "this",
      "provider": "provider[\"registry.terraform.io/hashicorp/aws\"]",
      "instances": [
        {
          "index_key": 0,
          "schema_version": 0,
          "attributes": {
            "arn": "arn:aws:ec2:us-east-1:654654502416:network-acl/acl-02cb6d55d4b6f4a1d",
            "default_network_acl_id": "acl-02cb6d55d4b6f4a1d",
            "egress": [
              {
                "action": "allow",
                "cidr_block": "",
                "from_port": 0,
                "icmp_code": 0,
                "icmp_type": 0,
                "ipv6_cidr_block": "::/0",
                "protocol": "-1",
                "rule_no": 101,
                "to_port": 0
              },
              {
                "action": "allow",
                "cidr_block": "0.0.0.0/0",
                "from_port": 0,
                "icmp_code": 0,
                "icmp_type": 0,
                "ipv6_cidr_block": "",
                "protocol": "-1",
                "rule_no": 100,
                "to_port": 0
              }
            ],
            "id": "acl-02cb6d55d4b6f4a1d",
            "ingress": [
              {
                "action": "allow",
                "cidr_block": "",
                "from_port": 0,
                "icmp_code": 0,
                "icmp_type": 0,
                "ipv6_cidr_block": "::/0",
                "protocol": "-1",
                "rule_no": 101,
                "to_port": 0
              },
              {
                "action": "allow",
                "cidr_block": "0.0.0.0/0",
                "from_port": 0,
                "icmp_code": 0,
                "icmp_type": 0,
                "ipv6_cidr_block": "",
                "protocol": "-1",
                "rule_no": 100,
                "to_port": 0
              }
            ],
            "owner_id": "654654502416",
            "subnet_ids": [
              "subnet-0282d7a0e3937a655",
              "subnet-038919cc4d6c31614",
              "subnet-0ceb43e16ad26d674",
              "subnet-0f7b41d56c8a9aa97"
            ],
            "tags": {
              "Example": "ex-fargate",
              "Name": "ex-fargate",
              "Repository": "https://github.com/terraform-aws-modules/terraform-aws-ecs"
            },
            "tags_all": {
              "Example": "ex-fargate",
              "Name": "ex-fargate",
              "Repository": "https://github.com/terraform-aws-modules/terraform-aws-ecs"
            },
            "vpc_id": "vpc-0b7f5658d14b4a00d"
          },
          "sensitive_attributes": [],
          "private": "bnVsbA==",
          "dependencies": [
            "module.vpc.aws_vpc.this"
          ]
        }
      ]
    },
    {
      "module": "module.vpc",
      "mode": "managed",
      "type": "aws_default_route_table",
      "name": "default",
      "provider": "provider[\"registry.terraform.io/hashicorp/aws\"]",
      "instances": [
        {
          "index_key": 0,
          "schema_version": 0,
          "attributes": {
            "arn": "arn:aws:ec2:us-east-1:654654502416:route-table/rtb-083b17143162bc0ab",
            "default_route_table_id": "rtb-083b17143162bc0ab",
            "id": "rtb-083b17143162bc0ab",
            "owner_id": "654654502416",
            "propagating_vgws": [],
            "route": [],
            "tags": {
              "Example": "ex-fargate",
              "Name": "ex-fargate",
              "Repository": "https://github.com/terraform-aws-modules/terraform-aws-ecs"
            },
            "tags_all": {
              "Example": "ex-fargate",
              "Name": "ex-fargate",
              "Repository": "https://github.com/terraform-aws-modules/terraform-aws-ecs"
            },
            "timeouts": {
              "create": "5m",
              "update": "5m"
            },
            "vpc_id": "vpc-0b7f5658d14b4a00d"
          },
          "sensitive_attributes": [],
          "private": "eyJlMmJmYjczMC1lY2FhLTExZTYtOGY4OC0zNDM2M2JjN2M0YzAiOnsiY3JlYXRlIjozMDAwMDAwMDAwMDAsInVwZGF0ZSI6MzAwMDAwMDAwMDAwfX0=",
          "dependencies": [
            "module.vpc.aws_vpc.this"
          ]
        }
      ]
    },
    {
      "module": "module.vpc",
      "mode": "managed",
      "type": "aws_default_security_group",
      "name": "this",
      "provider": "provider[\"registry.terraform.io/hashicorp/aws\"]",
      "instances": [
        {
          "index_key": 0,
          "schema_version": 1,
          "attributes": {
            "arn": "arn:aws:ec2:us-east-1:654654502416:security-group/sg-00470103d44095756",
            "description": "default VPC security group",
            "egress": [],
            "id": "sg-00470103d44095756",
            "ingress": [],
            "name": "default",
            "name_prefix": "",
            "owner_id": "654654502416",
            "revoke_rules_on_delete": false,
            "tags": {
              "Example": "ex-fargate",
              "Name": "ex-fargate",
              "Repository": "https://github.com/terraform-aws-modules/terraform-aws-ecs"
            },
            "tags_all": {
              "Example": "ex-fargate",
              "Name": "ex-fargate",
              "Repository": "https://github.com/terraform-aws-modules/terraform-aws-ecs"
            },
            "vpc_id": "vpc-0b7f5658d14b4a00d"
          },
          "sensitive_attributes": [],
          "private": "eyJzY2hlbWFfdmVyc2lvbiI6IjEifQ==",
          "dependencies": [
            "module.vpc.aws_vpc.this"
          ]
        }
      ]
    },
    {
      "module": "module.vpc",
      "mode": "managed",
      "type": "aws_eip",
      "name": "nat",
      "provider": "provider[\"registry.terraform.io/hashicorp/aws\"]",
      "instances": [
        {
          "index_key": 0,
          "schema_version": 0,
          "attributes": {
            "address": null,
            "allocation_id": "eipalloc-0091e297139c1a62f",
            "arn": "arn:aws:ec2:us-east-1:654654502416:elastic-ip/eipalloc-0091e297139c1a62f",
            "associate_with_private_ip": null,
            "association_id": "eipassoc-09ecd7e7a74e635e9",
            "carrier_ip": "",
            "customer_owned_ip": "",
            "customer_owned_ipv4_pool": "",
            "domain": "vpc",
            "id": "eipalloc-0091e297139c1a62f",
            "instance": "",
            "network_border_group": "us-east-1",
            "network_interface": "eni-049610a06759ae954",
            "private_dns": "ip-10-0-48-128.ec2.internal",
            "private_ip": "10.0.48.128",
            "ptr_record": "",
            "public_dns": "ec2-98-82-86-198.compute-1.amazonaws.com",
            "public_ip": "98.82.86.198",
            "public_ipv4_pool": "amazon",
            "tags": {
              "Example": "ex-fargate",
              "Name": "ex-fargate",
              "Repository": "https://github.com/terraform-aws-modules/terraform-aws-ecs"
            },
            "tags_all": {
              "Example": "ex-fargate",
              "Name": "ex-fargate",
              "Repository": "https://github.com/terraform-aws-modules/terraform-aws-ecs"
            },
            "timeouts": null,
            "vpc": true
          },
          "sensitive_attributes": [],
          "private": "eyJlMmJmYjczMC1lY2FhLTExZTYtOGY4OC0zNDM2M2JjN2M0YzAiOnsiZGVsZXRlIjoxODAwMDAwMDAwMDAsInJlYWQiOjkwMDAwMDAwMDAwMCwidXBkYXRlIjozMDAwMDAwMDAwMDB9fQ==",
          "dependencies": [
            "data.aws_availability_zones.available",
            "module.vpc.aws_internet_gateway.this",
            "module.vpc.aws_vpc.this",
            "module.vpc.aws_vpc_ipv4_cidr_block_association.this"
          ]
        }
      ]
    },
    {
      "module": "module.vpc",
      "mode": "managed",
      "type": "aws_internet_gateway",
      "name": "this",
      "provider": "provider[\"registry.terraform.io/hashicorp/aws\"]",
      "instances": [
        {
          "index_key": 0,
          "schema_version": 0,
          "attributes": {
            "arn": "arn:aws:ec2:us-east-1:654654502416:internet-gateway/igw-01363f3d8ce1c9f12",
            "id": "igw-01363f3d8ce1c9f12",
            "owner_id": "654654502416",
            "tags": {
              "Example": "ex-fargate",
              "Name": "ex-fargate",
              "Repository": "https://github.com/terraform-aws-modules/terraform-aws-ecs"
            },
            "tags_all": {
              "Example": "ex-fargate",
              "Name": "ex-fargate",
              "Repository": "https://github.com/terraform-aws-modules/terraform-aws-ecs"
            },
            "timeouts": null,
            "vpc_id": "vpc-0b7f5658d14b4a00d"
          },
          "sensitive_attributes": [],
          "private": "eyJlMmJmYjczMC1lY2FhLTExZTYtOGY4OC0zNDM2M2JjN2M0YzAiOnsiY3JlYXRlIjoxMjAwMDAwMDAwMDAwLCJkZWxldGUiOjEyMDAwMDAwMDAwMDAsInVwZGF0ZSI6MTIwMDAwMDAwMDAwMH19",
          "dependencies": [
            "data.aws_availability_zones.available",
            "module.vpc.aws_vpc.this",
            "module.vpc.aws_vpc_ipv4_cidr_block_association.this"
          ]
        }
      ]
    },
    {
      "module": "module.vpc",
      "mode": "managed",
      "type": "aws_nat_gateway",
      "name": "this",
      "provider": "provider[\"registry.terraform.io/hashicorp/aws\"]",
      "instances": [
        {
          "index_key": 0,
          "schema_version": 0,
          "attributes": {
            "allocation_id": "eipalloc-0091e297139c1a62f",
            "association_id": "eipassoc-09ecd7e7a74e635e9",
            "connectivity_type": "public",
            "id": "nat-06b3d0080334bbd78",
            "network_interface_id": "eni-049610a06759ae954",
            "private_ip": "10.0.48.128",
            "public_ip": "98.82.86.198",
            "secondary_allocation_ids": [],
            "secondary_private_ip_address_count": 0,
            "secondary_private_ip_addresses": [],
            "subnet_id": "subnet-0ceb43e16ad26d674",
            "tags": {
              "Example": "ex-fargate",
              "Name": "ex-fargate",
              "Repository": "https://github.com/terraform-aws-modules/terraform-aws-ecs"
            },
            "tags_all": {
              "Example": "ex-fargate",
              "Name": "ex-fargate",
              "Repository": "https://github.com/terraform-aws-modules/terraform-aws-ecs"
            },
            "timeouts": null
          },
          "sensitive_attributes": [],
          "private": "eyJlMmJmYjczMC1lY2FhLTExZTYtOGY4OC0zNDM2M2JjN2M0YzAiOnsiY3JlYXRlIjo2MDAwMDAwMDAwMDAsImRlbGV0ZSI6MTgwMDAwMDAwMDAwMCwidXBkYXRlIjo2MDAwMDAwMDAwMDB9fQ==",
          "dependencies": [
            "data.aws_availability_zones.available",
            "module.vpc.aws_eip.nat",
            "module.vpc.aws_internet_gateway.this",
            "module.vpc.aws_subnet.public",
            "module.vpc.aws_vpc.this",
            "module.vpc.aws_vpc_ipv4_cidr_block_association.this"
          ]
        }
      ]
    },
    {
      "module": "module.vpc",
      "mode": "managed",
      "type": "aws_route",
      "name": "private_nat_gateway",
      "provider": "provider[\"registry.terraform.io/hashicorp/aws\"]",
      "instances": [
        {
          "index_key": 0,
          "schema_version": 0,
          "attributes": {
            "carrier_gateway_id": "",
            "core_network_arn": "",
            "destination_cidr_block": "0.0.0.0/0",
            "destination_ipv6_cidr_block": "",
            "destination_prefix_list_id": "",
            "egress_only_gateway_id": "",
            "gateway_id": "",
            "id": "r-rtb-058a6ea00cf625c4a1080289494",
            "instance_id": "",
            "instance_owner_id": "",
            "local_gateway_id": "",
            "nat_gateway_id": "nat-06b3d0080334bbd78",
            "network_interface_id": "",
            "origin": "CreateRoute",
            "route_table_id": "rtb-058a6ea00cf625c4a",
            "state": "active",
            "timeouts": {
              "create": "5m",
              "delete": null,
              "update": null
            },
            "transit_gateway_id": "",
            "vpc_endpoint_id": "",
            "vpc_peering_connection_id": ""
          },
          "sensitive_attributes": [],
          "private": "eyJlMmJmYjczMC1lY2FhLTExZTYtOGY4OC0zNDM2M2JjN2M0YzAiOnsiY3JlYXRlIjozMDAwMDAwMDAwMDAsImRlbGV0ZSI6MzAwMDAwMDAwMDAwLCJ1cGRhdGUiOjEyMDAwMDAwMDAwMH19",
          "dependencies": [
            "data.aws_availability_zones.available",
            "module.vpc.aws_eip.nat",
            "module.vpc.aws_internet_gateway.this",
            "module.vpc.aws_nat_gateway.this",
            "module.vpc.aws_route_table.private",
            "module.vpc.aws_subnet.public",
            "module.vpc.aws_vpc.this",
            "module.vpc.aws_vpc_ipv4_cidr_block_association.this"
          ]
        }
      ]
    },
    {
      "module": "module.vpc",
      "mode": "managed",
      "type": "aws_route",
      "name": "public_internet_gateway",
      "provider": "provider[\"registry.terraform.io/hashicorp/aws\"]",
      "instances": [
        {
          "index_key": 0,
          "schema_version": 0,
          "attributes": {
            "carrier_gateway_id": "",
            "core_network_arn": "",
            "destination_cidr_block": "0.0.0.0/0",
            "destination_ipv6_cidr_block": "",
            "destination_prefix_list_id": "",
            "egress_only_gateway_id": "",
            "gateway_id": "igw-01363f3d8ce1c9f12",
            "id": "r-rtb-0f1ca2bbd0600fdfa1080289494",
            "instance_id": "",
            "instance_owner_id": "",
            "local_gateway_id": "",
            "nat_gateway_id": "",
            "network_interface_id": "",
            "origin": "CreateRoute",
            "route_table_id": "rtb-0f1ca2bbd0600fdfa",
            "state": "active",
            "timeouts": {
              "create": "5m",
              "delete": null,
              "update": null
            },
            "transit_gateway_id": "",
            "vpc_endpoint_id": "",
            "vpc_peering_connection_id": ""
          },
          "sensitive_attributes": [],
          "private": "eyJlMmJmYjczMC1lY2FhLTExZTYtOGY4OC0zNDM2M2JjN2M0YzAiOnsiY3JlYXRlIjozMDAwMDAwMDAwMDAsImRlbGV0ZSI6MzAwMDAwMDAwMDAwLCJ1cGRhdGUiOjEyMDAwMDAwMDAwMH19",
          "dependencies": [
            "data.aws_availability_zones.available",
            "module.vpc.aws_internet_gateway.this",
            "module.vpc.aws_route_table.public",
            "module.vpc.aws_vpc.this",
            "module.vpc.aws_vpc_ipv4_cidr_block_association.this"
          ]
        }
      ]
    },
    {
      "module": "module.vpc",
      "mode": "managed",
      "type": "aws_route_table",
      "name": "private",
      "provider": "provider[\"registry.terraform.io/hashicorp/aws\"]",
      "instances": [
        {
          "index_key": 0,
          "schema_version": 0,
          "attributes": {
            "arn": "arn:aws:ec2:us-east-1:654654502416:route-table/rtb-058a6ea00cf625c4a",
            "id": "rtb-058a6ea00cf625c4a",
            "owner_id": "654654502416",
            "propagating_vgws": [],
            "route": [
              {
                "carrier_gateway_id": "",
                "cidr_block": "0.0.0.0/0",
                "core_network_arn": "",
                "destination_prefix_list_id": "",
                "egress_only_gateway_id": "",
                "gateway_id": "",
                "ipv6_cidr_block": "",
                "local_gateway_id": "",
                "nat_gateway_id": "nat-06b3d0080334bbd78",
                "network_interface_id": "",
                "transit_gateway_id": "",
                "vpc_endpoint_id": "",
                "vpc_peering_connection_id": ""
              }
            ],
            "tags": {
              "Example": "ex-fargate",
              "Name": "ex-fargate",
              "Repository": "https://github.com/terraform-aws-modules/terraform-aws-ecs"
            },
            "tags_all": {
              "Example": "ex-fargate",
              "Name": "ex-fargate",
              "Repository": "https://github.com/terraform-aws-modules/terraform-aws-ecs"
            },
            "timeouts": null,
            "vpc_id": "vpc-0b7f5658d14b4a00d"
          },
          "sensitive_attributes": [],
          "private": "eyJlMmJmYjczMC1lY2FhLTExZTYtOGY4OC0zNDM2M2JjN2M0YzAiOnsiY3JlYXRlIjozMDAwMDAwMDAwMDAsImRlbGV0ZSI6MzAwMDAwMDAwMDAwLCJ1cGRhdGUiOjEyMDAwMDAwMDAwMH19",
          "dependencies": [
            "data.aws_availability_zones.available",
            "module.vpc.aws_vpc.this",
            "module.vpc.aws_vpc_ipv4_cidr_block_association.this"
          ]
        }
      ]
    },
    {
      "module": "module.vpc",
      "mode": "managed",
      "type": "aws_route_table",
      "name": "public",
      "provider": "provider[\"registry.terraform.io/hashicorp/aws\"]",
      "instances": [
        {
          "index_key": 0,
          "schema_version": 0,
          "attributes": {
            "arn": "arn:aws:ec2:us-east-1:654654502416:route-table/rtb-0f1ca2bbd0600fdfa",
            "id": "rtb-0f1ca2bbd0600fdfa",
            "owner_id": "654654502416",
            "propagating_vgws": [],
            "route": [
              {
                "carrier_gateway_id": "",
                "cidr_block": "0.0.0.0/0",
                "core_network_arn": "",
                "destination_prefix_list_id": "",
                "egress_only_gateway_id": "",
                "gateway_id": "igw-01363f3d8ce1c9f12",
                "ipv6_cidr_block": "",
                "local_gateway_id": "",
                "nat_gateway_id": "",
                "network_interface_id": "",
                "transit_gateway_id": "",
                "vpc_endpoint_id": "",
                "vpc_peering_connection_id": ""
              }
            ],
            "tags": {
              "Example": "ex-fargate",
              "Name": "ex-fargate",
              "Repository": "https://github.com/terraform-aws-modules/terraform-aws-ecs"
            },
            "tags_all": {
              "Example": "ex-fargate",
              "Name": "ex-fargate",
              "Repository": "https://github.com/terraform-aws-modules/terraform-aws-ecs"
            },
            "timeouts": null,
            "vpc_id": "vpc-0b7f5658d14b4a00d"
          },
          "sensitive_attributes": [],
          "private": "eyJlMmJmYjczMC1lY2FhLTExZTYtOGY4OC0zNDM2M2JjN2M0YzAiOnsiY3JlYXRlIjozMDAwMDAwMDAwMDAsImRlbGV0ZSI6MzAwMDAwMDAwMDAwLCJ1cGRhdGUiOjEyMDAwMDAwMDAwMH19",
          "dependencies": [
            "data.aws_availability_zones.available",
            "module.vpc.aws_vpc.this",
            "module.vpc.aws_vpc_ipv4_cidr_block_association.this"
          ]
        }
      ]
    },
    {
      "module": "module.vpc",
      "mode": "managed",
      "type": "aws_route_table_association",
      "name": "private",
      "provider": "provider[\"registry.terraform.io/hashicorp/aws\"]",
      "instances": [
        {
          "index_key": 0,
          "schema_version": 0,
          "attributes": {
            "gateway_id": "",
            "id": "rtbassoc-09a89cc6c95eb0017",
            "route_table_id": "rtb-058a6ea00cf625c4a",
            "subnet_id": "subnet-0282d7a0e3937a655",
            "timeouts": null
          },
          "sensitive_attributes": [],
          "private": "eyJlMmJmYjczMC1lY2FhLTExZTYtOGY4OC0zNDM2M2JjN2M0YzAiOnsiY3JlYXRlIjozMDAwMDAwMDAwMDAsImRlbGV0ZSI6MzAwMDAwMDAwMDAwLCJ1cGRhdGUiOjEyMDAwMDAwMDAwMH19",
          "dependencies": [
            "data.aws_availability_zones.available",
            "module.vpc.aws_route_table.private",
            "module.vpc.aws_subnet.private",
            "module.vpc.aws_vpc.this",
            "module.vpc.aws_vpc_ipv4_cidr_block_association.this"
          ]
        },
        {
          "index_key": 1,
          "schema_version": 0,
          "attributes": {
            "gateway_id": "",
            "id": "rtbassoc-051081e4dd688650d",
            "route_table_id": "rtb-058a6ea00cf625c4a",
            "subnet_id": "subnet-038919cc4d6c31614",
            "timeouts": null
          },
          "sensitive_attributes": [],
          "private": "eyJlMmJmYjczMC1lY2FhLTExZTYtOGY4OC0zNDM2M2JjN2M0YzAiOnsiY3JlYXRlIjozMDAwMDAwMDAwMDAsImRlbGV0ZSI6MzAwMDAwMDAwMDAwLCJ1cGRhdGUiOjEyMDAwMDAwMDAwMH19",
          "dependencies": [
            "data.aws_availability_zones.available",
            "module.vpc.aws_route_table.private",
            "module.vpc.aws_subnet.private",
            "module.vpc.aws_vpc.this",
            "module.vpc.aws_vpc_ipv4_cidr_block_association.this"
          ]
        }
      ]
    },
    {
      "module": "module.vpc",
      "mode": "managed",
      "type": "aws_route_table_association",
      "name": "public",
      "provider": "provider[\"registry.terraform.io/hashicorp/aws\"]",
      "instances": [
        {
          "index_key": 0,
          "schema_version": 0,
          "attributes": {
            "gateway_id": "",
            "id": "rtbassoc-0c0397b0ac83707d8",
            "route_table_id": "rtb-0f1ca2bbd0600fdfa",
            "subnet_id": "subnet-0ceb43e16ad26d674",
            "timeouts": null
          },
          "sensitive_attributes": [],
          "private": "eyJlMmJmYjczMC1lY2FhLTExZTYtOGY4OC0zNDM2M2JjN2M0YzAiOnsiY3JlYXRlIjozMDAwMDAwMDAwMDAsImRlbGV0ZSI6MzAwMDAwMDAwMDAwLCJ1cGRhdGUiOjEyMDAwMDAwMDAwMH19",
          "dependencies": [
            "data.aws_availability_zones.available",
            "module.vpc.aws_route_table.public",
            "module.vpc.aws_subnet.public",
            "module.vpc.aws_vpc.this",
            "module.vpc.aws_vpc_ipv4_cidr_block_association.this"
          ]
        },
        {
          "index_key": 1,
          "schema_version": 0,
          "attributes": {
            "gateway_id": "",
            "id": "rtbassoc-04e4dbb64058d3baa",
            "route_table_id": "rtb-0f1ca2bbd0600fdfa",
            "subnet_id": "subnet-0f7b41d56c8a9aa97",
            "timeouts": null
          },
          "sensitive_attributes": [],
          "private": "eyJlMmJmYjczMC1lY2FhLTExZTYtOGY4OC0zNDM2M2JjN2M0YzAiOnsiY3JlYXRlIjozMDAwMDAwMDAwMDAsImRlbGV0ZSI6MzAwMDAwMDAwMDAwLCJ1cGRhdGUiOjEyMDAwMDAwMDAwMH19",
          "dependencies": [
            "data.aws_availability_zones.available",
            "module.vpc.aws_route_table.public",
            "module.vpc.aws_subnet.public",
            "module.vpc.aws_vpc.this",
            "module.vpc.aws_vpc_ipv4_cidr_block_association.this"
          ]
        }
      ]
    },
    {
      "module": "module.vpc",
      "mode": "managed",
      "type": "aws_subnet",
      "name": "private",
      "provider": "provider[\"registry.terraform.io/hashicorp/aws\"]",
      "instances": [
        {
          "index_key": 0,
          "schema_version": 1,
          "attributes": {
            "arn": "arn:aws:ec2:us-east-1:654654502416:subnet/subnet-0282d7a0e3937a655",
            "assign_ipv6_address_on_creation": false,
            "availability_zone": "us-east-1a",
            "availability_zone_id": "use1-az6",
            "cidr_block": "10.0.0.0/20",
            "customer_owned_ipv4_pool": "",
            "enable_dns64": false,
            "enable_lni_at_device_index": 0,
            "enable_resource_name_dns_a_record_on_launch": false,
            "enable_resource_name_dns_aaaa_record_on_launch": false,
            "id": "subnet-0282d7a0e3937a655",
            "ipv6_cidr_block": "",
            "ipv6_cidr_block_association_id": "",
            "ipv6_native": false,
            "map_customer_owned_ip_on_launch": false,
            "map_public_ip_on_launch": false,
            "outpost_arn": "",
            "owner_id": "654654502416",
            "private_dns_hostname_type_on_launch": "ip-name",
            "tags": {
              "Example": "ex-fargate",
              "Name": "ex-fargate",
              "Repository": "https://github.com/terraform-aws-modules/terraform-aws-ecs"
            },
            "tags_all": {
              "Example": "ex-fargate",
              "Name": "ex-fargate",
              "Repository": "https://github.com/terraform-aws-modules/terraform-aws-ecs"
            },
            "timeouts": null,
            "vpc_id": "vpc-0b7f5658d14b4a00d"
          },
          "sensitive_attributes": [],
          "private": "eyJlMmJmYjczMC1lY2FhLTExZTYtOGY4OC0zNDM2M2JjN2M0YzAiOnsiY3JlYXRlIjo2MDAwMDAwMDAwMDAsImRlbGV0ZSI6MTIwMDAwMDAwMDAwMH0sInNjaGVtYV92ZXJzaW9uIjoiMSJ9",
          "dependencies": [
            "data.aws_availability_zones.available",
            "module.vpc.aws_vpc.this",
            "module.vpc.aws_vpc_ipv4_cidr_block_association.this"
          ],
          "create_before_destroy": true
        },
        {
          "index_key": 1,
          "schema_version": 1,
          "attributes": {
            "arn": "arn:aws:ec2:us-east-1:654654502416:subnet/subnet-038919cc4d6c31614",
            "assign_ipv6_address_on_creation": false,
            "availability_zone": "us-east-1b",
            "availability_zone_id": "use1-az1",
            "cidr_block": "10.0.16.0/20",
            "customer_owned_ipv4_pool": "",
            "enable_dns64": false,
            "enable_lni_at_device_index": 0,
            "enable_resource_name_dns_a_record_on_launch": false,
            "enable_resource_name_dns_aaaa_record_on_launch": false,
            "id": "subnet-038919cc4d6c31614",
            "ipv6_cidr_block": "",
            "ipv6_cidr_block_association_id": "",
            "ipv6_native": false,
            "map_customer_owned_ip_on_launch": false,
            "map_public_ip_on_launch": false,
            "outpost_arn": "",
            "owner_id": "654654502416",
            "private_dns_hostname_type_on_launch": "ip-name",
            "tags": {
              "Example": "ex-fargate",
              "Name": "ex-fargate",
              "Repository": "https://github.com/terraform-aws-modules/terraform-aws-ecs"
            },
            "tags_all": {
              "Example": "ex-fargate",
              "Name": "ex-fargate",
              "Repository": "https://github.com/terraform-aws-modules/terraform-aws-ecs"
            },
            "timeouts": null,
            "vpc_id": "vpc-0b7f5658d14b4a00d"
          },
          "sensitive_attributes": [],
          "private": "eyJlMmJmYjczMC1lY2FhLTExZTYtOGY4OC0zNDM2M2JjN2M0YzAiOnsiY3JlYXRlIjo2MDAwMDAwMDAwMDAsImRlbGV0ZSI6MTIwMDAwMDAwMDAwMH0sInNjaGVtYV92ZXJzaW9uIjoiMSJ9",
          "dependencies": [
            "data.aws_availability_zones.available",
            "module.vpc.aws_vpc.this",
            "module.vpc.aws_vpc_ipv4_cidr_block_association.this"
          ],
          "create_before_destroy": true
        }
      ]
    },
    {
      "module": "module.vpc",
      "mode": "managed",
      "type": "aws_subnet",
      "name": "public",
      "provider": "provider[\"registry.terraform.io/hashicorp/aws\"]",
      "instances": [
        {
          "index_key": 0,
          "schema_version": 1,
          "attributes": {
            "arn": "arn:aws:ec2:us-east-1:654654502416:subnet/subnet-0ceb43e16ad26d674",
            "assign_ipv6_address_on_creation": false,
            "availability_zone": "us-east-1a",
            "availability_zone_id": "use1-az6",
            "cidr_block": "10.0.48.0/24",
            "customer_owned_ipv4_pool": "",
            "enable_dns64": false,
            "enable_lni_at_device_index": 0,
            "enable_resource_name_dns_a_record_on_launch": false,
            "enable_resource_name_dns_aaaa_record_on_launch": false,
            "id": "subnet-0ceb43e16ad26d674",
            "ipv6_cidr_block": "",
            "ipv6_cidr_block_association_id": "",
            "ipv6_native": false,
            "map_customer_owned_ip_on_launch": false,
            "map_public_ip_on_launch": false,
            "outpost_arn": "",
            "owner_id": "654654502416",
            "private_dns_hostname_type_on_launch": "ip-name",
            "tags": {
              "Example": "ex-fargate",
              "Name": "ex-fargate",
              "Repository": "https://github.com/terraform-aws-modules/terraform-aws-ecs"
            },
            "tags_all": {
              "Example": "ex-fargate",
              "Name": "ex-fargate",
              "Repository": "https://github.com/terraform-aws-modules/terraform-aws-ecs"
            },
            "timeouts": null,
            "vpc_id": "vpc-0b7f5658d14b4a00d"
          },
          "sensitive_attributes": [],
          "private": "eyJlMmJmYjczMC1lY2FhLTExZTYtOGY4OC0zNDM2M2JjN2M0YzAiOnsiY3JlYXRlIjo2MDAwMDAwMDAwMDAsImRlbGV0ZSI6MTIwMDAwMDAwMDAwMH0sInNjaGVtYV92ZXJzaW9uIjoiMSJ9",
          "dependencies": [
            "data.aws_availability_zones.available",
            "module.vpc.aws_vpc.this",
            "module.vpc.aws_vpc_ipv4_cidr_block_association.this"
          ]
        },
        {
          "index_key": 1,
          "schema_version": 1,
          "attributes": {
            "arn": "arn:aws:ec2:us-east-1:654654502416:subnet/subnet-0f7b41d56c8a9aa97",
            "assign_ipv6_address_on_creation": false,
            "availability_zone": "us-east-1b",
            "availability_zone_id": "use1-az1",
            "cidr_block": "10.0.49.0/24",
            "customer_owned_ipv4_pool": "",
            "enable_dns64": false,
            "enable_lni_at_device_index": 0,
            "enable_resource_name_dns_a_record_on_launch": false,
            "enable_resource_name_dns_aaaa_record_on_launch": false,
            "id": "subnet-0f7b41d56c8a9aa97",
            "ipv6_cidr_block": "",
            "ipv6_cidr_block_association_id": "",
            "ipv6_native": false,
            "map_customer_owned_ip_on_launch": false,
            "map_public_ip_on_launch": false,
            "outpost_arn": "",
            "owner_id": "654654502416",
            "private_dns_hostname_type_on_launch": "ip-name",
            "tags": {
              "Example": "ex-fargate",
              "Name": "ex-fargate",
              "Repository": "https://github.com/terraform-aws-modules/terraform-aws-ecs"
            },
            "tags_all": {
              "Example": "ex-fargate",
              "Name": "ex-fargate",
              "Repository": "https://github.com/terraform-aws-modules/terraform-aws-ecs"
            },
            "timeouts": null,
            "vpc_id": "vpc-0b7f5658d14b4a00d"
          },
          "sensitive_attributes": [],
          "private": "eyJlMmJmYjczMC1lY2FhLTExZTYtOGY4OC0zNDM2M2JjN2M0YzAiOnsiY3JlYXRlIjo2MDAwMDAwMDAwMDAsImRlbGV0ZSI6MTIwMDAwMDAwMDAwMH0sInNjaGVtYV92ZXJzaW9uIjoiMSJ9",
          "dependencies": [
            "data.aws_availability_zones.available",
            "module.vpc.aws_vpc.this",
            "module.vpc.aws_vpc_ipv4_cidr_block_association.this"
          ]
        }
      ]
    },
    {
      "module": "module.vpc",
      "mode": "managed",
      "type": "aws_vpc",
      "name": "this",
      "provider": "provider[\"registry.terraform.io/hashicorp/aws\"]",
      "instances": [
        {
          "index_key": 0,
          "schema_version": 1,
          "attributes": {
            "arn": "arn:aws:ec2:us-east-1:654654502416:vpc/vpc-0b7f5658d14b4a00d",
            "assign_generated_ipv6_cidr_block": false,
            "cidr_block": "10.0.0.0/16",
            "default_network_acl_id": "acl-02cb6d55d4b6f4a1d",
            "default_route_table_id": "rtb-083b17143162bc0ab",
            "default_security_group_id": "sg-00470103d44095756",
            "dhcp_options_id": "dopt-0d0cf6ba27f28cfa0",
            "enable_dns_hostnames": true,
            "enable_dns_support": true,
            "enable_network_address_usage_metrics": false,
            "id": "vpc-0b7f5658d14b4a00d",
            "instance_tenancy": "default",
            "ipv4_ipam_pool_id": null,
            "ipv4_netmask_length": null,
            "ipv6_association_id": "",
            "ipv6_cidr_block": "",
            "ipv6_cidr_block_network_border_group": "",
            "ipv6_ipam_pool_id": "",
            "ipv6_netmask_length": 0,
            "main_route_table_id": "rtb-083b17143162bc0ab",
            "owner_id": "654654502416",
            "tags": {
              "Example": "ex-fargate",
              "Name": "ex-fargate",
              "Repository": "https://github.com/terraform-aws-modules/terraform-aws-ecs"
            },
            "tags_all": {
              "Example": "ex-fargate",
              "Name": "ex-fargate",
              "Repository": "https://github.com/terraform-aws-modules/terraform-aws-ecs"
            }
          },
          "sensitive_attributes": [],
          "private": "eyJzY2hlbWFfdmVyc2lvbiI6IjEifQ==",
          "create_before_destroy": true
        }
      ]
    }
  ],
  "check_results": null
}
